Microsoft Visual Studio Solution File, Format Version 12.00
# Visual Studio Version 16
VisualStudioVersion = 16.0.29424.173
MinimumVisualStudioVersion = 10.0.40219.1
Project("{2150E333-8FDC-42A3-9474-1A3956D46DE8}") = "Solution Items", "Solution Items", "{059D5105-D00F-46EE-8EBF-F606F0010F57}"
	ProjectSection(SolutionItems) = preProject
		Readme.md = Readme.md
	EndProjectSection
EndProject
Project("{2150E333-8FDC-42A3-9474-1A3956D46DE8}") = "Client", "Client", "{9CF1BE73-6CB1-4EDB-9A3D-A4BF5335EE4F}"
EndProject
Project("{2150E333-8FDC-42A3-9474-1A3956D46DE8}") = "Core", "Core", "{01785374-9D29-481F-BAD4-E2137CAC8057}"
EndProject
Project("{9A19103F-16F7-4668-BE54-9A1E7A4F7556}") = "Lyra.Core", "Core\Lyra.Core\Lyra.Core.csproj", "{E5802ED3-A69A-49C0-B797-886D3D051D17}"
EndProject
Project("{9A19103F-16F7-4668-BE54-9A1E7A4F7556}") = "Lyra.Client.CLI", "Client\Lyra.Client.CLI\Lyra.Client.CLI.csproj", "{6DA15DA4-C47A-4496-A73F-0868BCCF9B76}"
EndProject
Project("{9A19103F-16F7-4668-BE54-9A1E7A4F7556}") = "AutoSender", "Client\AutoSender\AutoSender.csproj", "{018175AE-CD5A-4DDA-A1B3-09407A07A7C0}"
EndProject
Project("{2150E333-8FDC-42A3-9474-1A3956D46DE8}") = "Retired", "Retired", "{E085BAC4-1C3D-4325-A880-D031686CE14D}"
EndProject
Project("{9A19103F-16F7-4668-BE54-9A1E7A4F7556}") = "Lyra.Node2", "Core\Lyra.Node2\Lyra.Node2.csproj", "{A2B9EC05-8836-43FE-A619-E34578DD920D}"
EndProject
Project("{9A19103F-16F7-4668-BE54-9A1E7A4F7556}") = "LyraLexWeb2", "Core\LyraLexWeb2\LyraLexWeb2.csproj", "{0853ACF5-0B48-487D-B2D9-5495BB4CE0E3}"
EndProject
Project("{9A19103F-16F7-4668-BE54-9A1E7A4F7556}") = "LyraWallet", "Client\LyraWallet\LyraWallet.csproj", "{DCF0E624-2C0D-4908-BFBA-D55DC3523781}"
EndProject
Project("{FAE04EC0-301F-11D3-BF4B-00C04F79EFBC}") = "LyraWallet.Android", "Client\LyraWallet.Android\LyraWallet.Android.csproj", "{3BA640B8-A0C1-4496-9077-F6E3F1A71145}"
EndProject
Project("{FAE04EC0-301F-11D3-BF4B-00C04F79EFBC}") = "LyraWallet.iOS", "Client\LyraWallet.iOS\LyraWallet.iOS.csproj", "{664F238D-4109-492B-9AED-B14BE4C9AE75}"
EndProject
Project("{FAE04EC0-301F-11D3-BF4B-00C04F79EFBC}") = "Lyra.Docs", "Core\Lyra.Docs\Lyra.Docs.csproj", "{AF24BE37-B28C-4859-BF3F-D034024B08A7}"
EndProject
Project("{9A19103F-16F7-4668-BE54-9A1E7A4F7556}") = "CommandLine", "Client\CommandLine\CommandLine.csproj", "{2E028B7C-CF6E-4577-8961-97B18E0D25CB}"
EndProject
Project("{2150E333-8FDC-42A3-9474-1A3956D46DE8}") = "Tests", "Tests", "{BA763D78-4D84-4FC0-BF6D-AA811E0DF2D2}"
EndProject
Project("{9A19103F-16F7-4668-BE54-9A1E7A4F7556}") = "Lyra.Node.Test", "Tests\Lyra.Node.Test\Lyra.Node.Test.csproj", "{E17DAED6-C4AC-452D-9E54-5253E14D70C6}"
EndProject
Project("{9A19103F-16F7-4668-BE54-9A1E7A4F7556}") = "Lyra.WalletTest", "Tests\Lyra.WalletTest\Lyra.WalletTest.csproj", "{34C133DE-780E-4D79-B3A9-2901D971F3FD}"
EndProject
Project("{9A19103F-16F7-4668-BE54-9A1E7A4F7556}") = "Lyra.Authorizer", "Core\Lyra.Authorizer\Lyra.Authorizer.csproj", "{0EDB3246-195F-40F2-B2FF-78CF24AF143A}"
EndProject
Project("{9A19103F-16F7-4668-BE54-9A1E7A4F7556}") = "Lyra.Client.Lib", "Client\Lyra.Client.Lib\Lyra.Client.Lib.csproj", "{1B200318-3EAB-4D3E-AA4E-4E2803DAB0E1}"
EndProject
Project("{FAE04EC0-301F-11D3-BF4B-00C04F79EFBC}") = "LyraWallet.UWP", "Client\LyraWallet.UWP\LyraWallet.UWP.csproj", "{DDDF8099-63B8-4332-9006-EA11E15F62FE}"
EndProject
Project("{2150E333-8FDC-42A3-9474-1A3956D46DE8}") = "Utils", "Utils", "{E4371F2D-DF58-40B7-B2BB-858825004935}"
EndProject
Project("{9A19103F-16F7-4668-BE54-9A1E7A4F7556}") = "LyraNodesBot", "Utils\LyraNodesBot\LyraNodesBot.csproj", "{E4F657B0-776B-4852-BCDE-619DAB8C8317}"
EndProject
Project("{FAE04EC0-301F-11D3-BF4B-00C04F79EFBC}") = "crypto.pcl2", "..\..\code\3rd-part\bc-csharp\crypto\crypto.pcl2.csproj", "{38872A5F-E87E-4FAD-B109-8EB7B2E6A4A1}"
EndProject
Global
	GlobalSection(SolutionConfigurationPlatforms) = preSolution
		Debug|Any CPU = Debug|Any CPU
		Debug|ARM = Debug|ARM
		Debug|iPhone = Debug|iPhone
		Debug|iPhoneSimulator = Debug|iPhoneSimulator
		Debug|x64 = Debug|x64
		Debug|x86 = Debug|x86
		Release|Any CPU = Release|Any CPU
		Release|ARM = Release|ARM
		Release|iPhone = Release|iPhone
		Release|iPhoneSimulator = Release|iPhoneSimulator
		Release|x64 = Release|x64
		Release|x86 = Release|x86
	EndGlobalSection
	GlobalSection(ProjectConfigurationPlatforms) = postSolution
		{E5802ED3-A69A-49C0-B797-886D3D051D17}.Debug|Any CPU.ActiveCfg = Debug|Any CPU
		{E5802ED3-A69A-49C0-B797-886D3D051D17}.Debug|Any CPU.Build.0 = Debug|Any CPU
		{E5802ED3-A69A-49C0-B797-886D3D051D17}.Debug|ARM.ActiveCfg = Debug|Any CPU
		{E5802ED3-A69A-49C0-B797-886D3D051D17}.Debug|ARM.Build.0 = Debug|Any CPU
		{E5802ED3-A69A-49C0-B797-886D3D051D17}.Debug|iPhone.ActiveCfg = Debug|Any CPU
		{E5802ED3-A69A-49C0-B797-886D3D051D17}.Debug|iPhone.Build.0 = Debug|Any CPU
		{E5802ED3-A69A-49C0-B797-886D3D051D17}.Debug|iPhoneSimulator.ActiveCfg = Debug|Any CPU
		{E5802ED3-A69A-49C0-B797-886D3D051D17}.Debug|iPhoneSimulator.Build.0 = Debug|Any CPU
		{E5802ED3-A69A-49C0-B797-886D3D051D17}.Debug|x64.ActiveCfg = Debug|Any CPU
		{E5802ED3-A69A-49C0-B797-886D3D051D17}.Debug|x64.Build.0 = Debug|Any CPU
		{E5802ED3-A69A-49C0-B797-886D3D051D17}.Debug|x86.ActiveCfg = Debug|Any CPU
		{E5802ED3-A69A-49C0-B797-886D3D051D17}.Debug|x86.Build.0 = Debug|Any CPU
		{E5802ED3-A69A-49C0-B797-886D3D051D17}.Release|Any CPU.ActiveCfg = Release|Any CPU
		{E5802ED3-A69A-49C0-B797-886D3D051D17}.Release|Any CPU.Build.0 = Release|Any CPU
		{E5802ED3-A69A-49C0-B797-886D3D051D17}.Release|ARM.ActiveCfg = Release|Any CPU
		{E5802ED3-A69A-49C0-B797-886D3D051D17}.Release|ARM.Build.0 = Release|Any CPU
		{E5802ED3-A69A-49C0-B797-886D3D051D17}.Release|iPhone.ActiveCfg = Release|Any CPU
		{E5802ED3-A69A-49C0-B797-886D3D051D17}.Release|iPhone.Build.0 = Release|Any CPU
		{E5802ED3-A69A-49C0-B797-886D3D051D17}.Release|iPhoneSimulator.ActiveCfg = Release|Any CPU
		{E5802ED3-A69A-49C0-B797-886D3D051D17}.Release|iPhoneSimulator.Build.0 = Release|Any CPU
		{E5802ED3-A69A-49C0-B797-886D3D051D17}.Release|x64.ActiveCfg = Release|Any CPU
		{E5802ED3-A69A-49C0-B797-886D3D051D17}.Release|x64.Build.0 = Release|Any CPU
		{E5802ED3-A69A-49C0-B797-886D3D051D17}.Release|x86.ActiveCfg = Release|Any CPU
		{E5802ED3-A69A-49C0-B797-886D3D051D17}.Release|x86.Build.0 = Release|Any CPU
		{6DA15DA4-C47A-4496-A73F-0868BCCF9B76}.Debug|Any CPU.ActiveCfg = Debug|Any CPU
		{6DA15DA4-C47A-4496-A73F-0868BCCF9B76}.Debug|Any CPU.Build.0 = Debug|Any CPU
		{6DA15DA4-C47A-4496-A73F-0868BCCF9B76}.Debug|ARM.ActiveCfg = Debug|Any CPU
		{6DA15DA4-C47A-4496-A73F-0868BCCF9B76}.Debug|ARM.Build.0 = Debug|Any CPU
		{6DA15DA4-C47A-4496-A73F-0868BCCF9B76}.Debug|iPhone.ActiveCfg = Debug|Any CPU
		{6DA15DA4-C47A-4496-A73F-0868BCCF9B76}.Debug|iPhone.Build.0 = Debug|Any CPU
		{6DA15DA4-C47A-4496-A73F-0868BCCF9B76}.Debug|iPhoneSimulator.ActiveCfg = Debug|Any CPU
		{6DA15DA4-C47A-4496-A73F-0868BCCF9B76}.Debug|iPhoneSimulator.Build.0 = Debug|Any CPU
		{6DA15DA4-C47A-4496-A73F-0868BCCF9B76}.Debug|x64.ActiveCfg = Debug|Any CPU
		{6DA15DA4-C47A-4496-A73F-0868BCCF9B76}.Debug|x64.Build.0 = Debug|Any CPU
		{6DA15DA4-C47A-4496-A73F-0868BCCF9B76}.Debug|x86.ActiveCfg = Debug|Any CPU
		{6DA15DA4-C47A-4496-A73F-0868BCCF9B76}.Debug|x86.Build.0 = Debug|Any CPU
		{6DA15DA4-C47A-4496-A73F-0868BCCF9B76}.Release|Any CPU.ActiveCfg = Release|Any CPU
		{6DA15DA4-C47A-4496-A73F-0868BCCF9B76}.Release|Any CPU.Build.0 = Release|Any CPU
		{6DA15DA4-C47A-4496-A73F-0868BCCF9B76}.Release|ARM.ActiveCfg = Release|Any CPU
		{6DA15DA4-C47A-4496-A73F-0868BCCF9B76}.Release|ARM.Build.0 = Release|Any CPU
		{6DA15DA4-C47A-4496-A73F-0868BCCF9B76}.Release|iPhone.ActiveCfg = Release|Any CPU
		{6DA15DA4-C47A-4496-A73F-0868BCCF9B76}.Release|iPhone.Build.0 = Release|Any CPU
		{6DA15DA4-C47A-4496-A73F-0868BCCF9B76}.Release|iPhoneSimulator.ActiveCfg = Release|Any CPU
		{6DA15DA4-C47A-4496-A73F-0868BCCF9B76}.Release|iPhoneSimulator.Build.0 = Release|Any CPU
		{6DA15DA4-C47A-4496-A73F-0868BCCF9B76}.Release|x64.ActiveCfg = Release|Any CPU
		{6DA15DA4-C47A-4496-A73F-0868BCCF9B76}.Release|x64.Build.0 = Release|Any CPU
		{6DA15DA4-C47A-4496-A73F-0868BCCF9B76}.Release|x86.ActiveCfg = Release|Any CPU
		{6DA15DA4-C47A-4496-A73F-0868BCCF9B76}.Release|x86.Build.0 = Release|Any CPU
		{018175AE-CD5A-4DDA-A1B3-09407A07A7C0}.Debug|Any CPU.ActiveCfg = Debug|Any CPU
		{018175AE-CD5A-4DDA-A1B3-09407A07A7C0}.Debug|Any CPU.Build.0 = Debug|Any CPU
		{018175AE-CD5A-4DDA-A1B3-09407A07A7C0}.Debug|ARM.ActiveCfg = Debug|Any CPU
		{018175AE-CD5A-4DDA-A1B3-09407A07A7C0}.Debug|ARM.Build.0 = Debug|Any CPU
		{018175AE-CD5A-4DDA-A1B3-09407A07A7C0}.Debug|iPhone.ActiveCfg = Debug|Any CPU
		{018175AE-CD5A-4DDA-A1B3-09407A07A7C0}.Debug|iPhone.Build.0 = Debug|Any CPU
		{018175AE-CD5A-4DDA-A1B3-09407A07A7C0}.Debug|iPhoneSimulator.ActiveCfg = Debug|Any CPU
		{018175AE-CD5A-4DDA-A1B3-09407A07A7C0}.Debug|iPhoneSimulator.Build.0 = Debug|Any CPU
		{018175AE-CD5A-4DDA-A1B3-09407A07A7C0}.Debug|x64.ActiveCfg = Debug|Any CPU
		{018175AE-CD5A-4DDA-A1B3-09407A07A7C0}.Debug|x64.Build.0 = Debug|Any CPU
		{018175AE-CD5A-4DDA-A1B3-09407A07A7C0}.Debug|x86.ActiveCfg = Debug|Any CPU
		{018175AE-CD5A-4DDA-A1B3-09407A07A7C0}.Debug|x86.Build.0 = Debug|Any CPU
		{018175AE-CD5A-4DDA-A1B3-09407A07A7C0}.Release|Any CPU.ActiveCfg = Release|Any CPU
		{018175AE-CD5A-4DDA-A1B3-09407A07A7C0}.Release|Any CPU.Build.0 = Release|Any CPU
		{018175AE-CD5A-4DDA-A1B3-09407A07A7C0}.Release|ARM.ActiveCfg = Release|Any CPU
		{018175AE-CD5A-4DDA-A1B3-09407A07A7C0}.Release|ARM.Build.0 = Release|Any CPU
		{018175AE-CD5A-4DDA-A1B3-09407A07A7C0}.Release|iPhone.ActiveCfg = Release|Any CPU
		{018175AE-CD5A-4DDA-A1B3-09407A07A7C0}.Release|iPhone.Build.0 = Release|Any CPU
		{018175AE-CD5A-4DDA-A1B3-09407A07A7C0}.Release|iPhoneSimulator.ActiveCfg = Release|Any CPU
		{018175AE-CD5A-4DDA-A1B3-09407A07A7C0}.Release|iPhoneSimulator.Build.0 = Release|Any CPU
		{018175AE-CD5A-4DDA-A1B3-09407A07A7C0}.Release|x64.ActiveCfg = Release|Any CPU
		{018175AE-CD5A-4DDA-A1B3-09407A07A7C0}.Release|x64.Build.0 = Release|Any CPU
		{018175AE-CD5A-4DDA-A1B3-09407A07A7C0}.Release|x86.ActiveCfg = Release|Any CPU
		{018175AE-CD5A-4DDA-A1B3-09407A07A7C0}.Release|x86.Build.0 = Release|Any CPU
		{A2B9EC05-8836-43FE-A619-E34578DD920D}.Debug|Any CPU.ActiveCfg = Debug|Any CPU
		{A2B9EC05-8836-43FE-A619-E34578DD920D}.Debug|Any CPU.Build.0 = Debug|Any CPU
		{A2B9EC05-8836-43FE-A619-E34578DD920D}.Debug|ARM.ActiveCfg = Debug|Any CPU
		{A2B9EC05-8836-43FE-A619-E34578DD920D}.Debug|ARM.Build.0 = Debug|Any CPU
		{A2B9EC05-8836-43FE-A619-E34578DD920D}.Debug|iPhone.ActiveCfg = Debug|Any CPU
		{A2B9EC05-8836-43FE-A619-E34578DD920D}.Debug|iPhone.Build.0 = Debug|Any CPU
		{A2B9EC05-8836-43FE-A619-E34578DD920D}.Debug|iPhoneSimulator.ActiveCfg = Debug|Any CPU
		{A2B9EC05-8836-43FE-A619-E34578DD920D}.Debug|iPhoneSimulator.Build.0 = Debug|Any CPU
		{A2B9EC05-8836-43FE-A619-E34578DD920D}.Debug|x64.ActiveCfg = Debug|Any CPU
		{A2B9EC05-8836-43FE-A619-E34578DD920D}.Debug|x64.Build.0 = Debug|Any CPU
		{A2B9EC05-8836-43FE-A619-E34578DD920D}.Debug|x86.ActiveCfg = Debug|Any CPU
		{A2B9EC05-8836-43FE-A619-E34578DD920D}.Debug|x86.Build.0 = Debug|Any CPU
		{A2B9EC05-8836-43FE-A619-E34578DD920D}.Release|Any CPU.ActiveCfg = Release|Any CPU
		{A2B9EC05-8836-43FE-A619-E34578DD920D}.Release|Any CPU.Build.0 = Release|Any CPU
		{A2B9EC05-8836-43FE-A619-E34578DD920D}.Release|ARM.ActiveCfg = Release|Any CPU
		{A2B9EC05-8836-43FE-A619-E34578DD920D}.Release|ARM.Build.0 = Release|Any CPU
		{A2B9EC05-8836-43FE-A619-E34578DD920D}.Release|iPhone.ActiveCfg = Release|Any CPU
		{A2B9EC05-8836-43FE-A619-E34578DD920D}.Release|iPhone.Build.0 = Release|Any CPU
		{A2B9EC05-8836-43FE-A619-E34578DD920D}.Release|iPhoneSimulator.ActiveCfg = Release|Any CPU
		{A2B9EC05-8836-43FE-A619-E34578DD920D}.Release|iPhoneSimulator.Build.0 = Release|Any CPU
		{A2B9EC05-8836-43FE-A619-E34578DD920D}.Release|x64.ActiveCfg = Release|Any CPU
		{A2B9EC05-8836-43FE-A619-E34578DD920D}.Release|x64.Build.0 = Release|Any CPU
		{A2B9EC05-8836-43FE-A619-E34578DD920D}.Release|x86.ActiveCfg = Release|Any CPU
		{A2B9EC05-8836-43FE-A619-E34578DD920D}.Release|x86.Build.0 = Release|Any CPU
		{0853ACF5-0B48-487D-B2D9-5495BB4CE0E3}.Debug|Any CPU.ActiveCfg = Debug|Any CPU
		{0853ACF5-0B48-487D-B2D9-5495BB4CE0E3}.Debug|Any CPU.Build.0 = Debug|Any CPU
		{0853ACF5-0B48-487D-B2D9-5495BB4CE0E3}.Debug|ARM.ActiveCfg = Debug|Any CPU
		{0853ACF5-0B48-487D-B2D9-5495BB4CE0E3}.Debug|ARM.Build.0 = Debug|Any CPU
		{0853ACF5-0B48-487D-B2D9-5495BB4CE0E3}.Debug|iPhone.ActiveCfg = Debug|Any CPU
		{0853ACF5-0B48-487D-B2D9-5495BB4CE0E3}.Debug|iPhone.Build.0 = Debug|Any CPU
		{0853ACF5-0B48-487D-B2D9-5495BB4CE0E3}.Debug|iPhoneSimulator.ActiveCfg = Debug|Any CPU
		{0853ACF5-0B48-487D-B2D9-5495BB4CE0E3}.Debug|iPhoneSimulator.Build.0 = Debug|Any CPU
		{0853ACF5-0B48-487D-B2D9-5495BB4CE0E3}.Debug|x64.ActiveCfg = Debug|Any CPU
		{0853ACF5-0B48-487D-B2D9-5495BB4CE0E3}.Debug|x64.Build.0 = Debug|Any CPU
		{0853ACF5-0B48-487D-B2D9-5495BB4CE0E3}.Debug|x86.ActiveCfg = Debug|Any CPU
		{0853ACF5-0B48-487D-B2D9-5495BB4CE0E3}.Debug|x86.Build.0 = Debug|Any CPU
		{0853ACF5-0B48-487D-B2D9-5495BB4CE0E3}.Release|Any CPU.ActiveCfg = Release|Any CPU
		{0853ACF5-0B48-487D-B2D9-5495BB4CE0E3}.Release|Any CPU.Build.0 = Release|Any CPU
		{0853ACF5-0B48-487D-B2D9-5495BB4CE0E3}.Release|ARM.ActiveCfg = Release|Any CPU
		{0853ACF5-0B48-487D-B2D9-5495BB4CE0E3}.Release|ARM.Build.0 = Release|Any CPU
		{0853ACF5-0B48-487D-B2D9-5495BB4CE0E3}.Release|iPhone.ActiveCfg = Release|Any CPU
		{0853ACF5-0B48-487D-B2D9-5495BB4CE0E3}.Release|iPhone.Build.0 = Release|Any CPU
		{0853ACF5-0B48-487D-B2D9-5495BB4CE0E3}.Release|iPhoneSimulator.ActiveCfg = Release|Any CPU
		{0853ACF5-0B48-487D-B2D9-5495BB4CE0E3}.Release|iPhoneSimulator.Build.0 = Release|Any CPU
		{0853ACF5-0B48-487D-B2D9-5495BB4CE0E3}.Release|x64.ActiveCfg = Release|Any CPU
		{0853ACF5-0B48-487D-B2D9-5495BB4CE0E3}.Release|x64.Build.0 = Release|Any CPU
		{0853ACF5-0B48-487D-B2D9-5495BB4CE0E3}.Release|x86.ActiveCfg = Release|Any CPU
		{0853ACF5-0B48-487D-B2D9-5495BB4CE0E3}.Release|x86.Build.0 = Release|Any CPU
		{DCF0E624-2C0D-4908-BFBA-D55DC3523781}.Debug|Any CPU.ActiveCfg = Debug|Any CPU
		{DCF0E624-2C0D-4908-BFBA-D55DC3523781}.Debug|Any CPU.Build.0 = Debug|Any CPU
		{DCF0E624-2C0D-4908-BFBA-D55DC3523781}.Debug|ARM.ActiveCfg = Debug|Any CPU
		{DCF0E624-2C0D-4908-BFBA-D55DC3523781}.Debug|ARM.Build.0 = Debug|Any CPU
		{DCF0E624-2C0D-4908-BFBA-D55DC3523781}.Debug|iPhone.ActiveCfg = Debug|Any CPU
		{DCF0E624-2C0D-4908-BFBA-D55DC3523781}.Debug|iPhone.Build.0 = Debug|Any CPU
		{DCF0E624-2C0D-4908-BFBA-D55DC3523781}.Debug|iPhoneSimulator.ActiveCfg = Debug|Any CPU
		{DCF0E624-2C0D-4908-BFBA-D55DC3523781}.Debug|iPhoneSimulator.Build.0 = Debug|Any CPU
		{DCF0E624-2C0D-4908-BFBA-D55DC3523781}.Debug|x64.ActiveCfg = Debug|Any CPU
		{DCF0E624-2C0D-4908-BFBA-D55DC3523781}.Debug|x64.Build.0 = Debug|Any CPU
		{DCF0E624-2C0D-4908-BFBA-D55DC3523781}.Debug|x86.ActiveCfg = Debug|Any CPU
		{DCF0E624-2C0D-4908-BFBA-D55DC3523781}.Debug|x86.Build.0 = Debug|Any CPU
		{DCF0E624-2C0D-4908-BFBA-D55DC3523781}.Release|Any CPU.ActiveCfg = Release|Any CPU
		{DCF0E624-2C0D-4908-BFBA-D55DC3523781}.Release|Any CPU.Build.0 = Release|Any CPU
		{DCF0E624-2C0D-4908-BFBA-D55DC3523781}.Release|ARM.ActiveCfg = Release|Any CPU
		{DCF0E624-2C0D-4908-BFBA-D55DC3523781}.Release|ARM.Build.0 = Release|Any CPU
		{DCF0E624-2C0D-4908-BFBA-D55DC3523781}.Release|iPhone.ActiveCfg = Release|Any CPU
		{DCF0E624-2C0D-4908-BFBA-D55DC3523781}.Release|iPhone.Build.0 = Release|Any CPU
		{DCF0E624-2C0D-4908-BFBA-D55DC3523781}.Release|iPhoneSimulator.ActiveCfg = Release|Any CPU
		{DCF0E624-2C0D-4908-BFBA-D55DC3523781}.Release|iPhoneSimulator.Build.0 = Release|Any CPU
		{DCF0E624-2C0D-4908-BFBA-D55DC3523781}.Release|x64.ActiveCfg = Release|Any CPU
		{DCF0E624-2C0D-4908-BFBA-D55DC3523781}.Release|x64.Build.0 = Release|Any CPU
		{DCF0E624-2C0D-4908-BFBA-D55DC3523781}.Release|x86.ActiveCfg = Release|Any CPU
		{DCF0E624-2C0D-4908-BFBA-D55DC3523781}.Release|x86.Build.0 = Release|Any CPU
		{3BA640B8-A0C1-4496-9077-F6E3F1A71145}.Debug|Any CPU.ActiveCfg = Debug|Any CPU
		{3BA640B8-A0C1-4496-9077-F6E3F1A71145}.Debug|Any CPU.Build.0 = Debug|Any CPU
		{3BA640B8-A0C1-4496-9077-F6E3F1A71145}.Debug|Any CPU.Deploy.0 = Debug|Any CPU
		{3BA640B8-A0C1-4496-9077-F6E3F1A71145}.Debug|ARM.ActiveCfg = Debug|Any CPU
		{3BA640B8-A0C1-4496-9077-F6E3F1A71145}.Debug|ARM.Build.0 = Debug|Any CPU
		{3BA640B8-A0C1-4496-9077-F6E3F1A71145}.Debug|ARM.Deploy.0 = Debug|Any CPU
		{3BA640B8-A0C1-4496-9077-F6E3F1A71145}.Debug|iPhone.ActiveCfg = Debug|Any CPU
		{3BA640B8-A0C1-4496-9077-F6E3F1A71145}.Debug|iPhone.Build.0 = Debug|Any CPU
		{3BA640B8-A0C1-4496-9077-F6E3F1A71145}.Debug|iPhone.Deploy.0 = Debug|Any CPU
		{3BA640B8-A0C1-4496-9077-F6E3F1A71145}.Debug|iPhoneSimulator.ActiveCfg = Debug|Any CPU
		{3BA640B8-A0C1-4496-9077-F6E3F1A71145}.Debug|iPhoneSimulator.Build.0 = Debug|Any CPU
		{3BA640B8-A0C1-4496-9077-F6E3F1A71145}.Debug|iPhoneSimulator.Deploy.0 = Debug|Any CPU
		{3BA640B8-A0C1-4496-9077-F6E3F1A71145}.Debug|x64.ActiveCfg = Debug|Any CPU
		{3BA640B8-A0C1-4496-9077-F6E3F1A71145}.Debug|x64.Build.0 = Debug|Any CPU
		{3BA640B8-A0C1-4496-9077-F6E3F1A71145}.Debug|x64.Deploy.0 = Debug|Any CPU
		{3BA640B8-A0C1-4496-9077-F6E3F1A71145}.Debug|x86.ActiveCfg = Debug|Any CPU
		{3BA640B8-A0C1-4496-9077-F6E3F1A71145}.Debug|x86.Build.0 = Debug|Any CPU
		{3BA640B8-A0C1-4496-9077-F6E3F1A71145}.Debug|x86.Deploy.0 = Debug|Any CPU
		{3BA640B8-A0C1-4496-9077-F6E3F1A71145}.Release|Any CPU.ActiveCfg = Release|Any CPU
		{3BA640B8-A0C1-4496-9077-F6E3F1A71145}.Release|Any CPU.Build.0 = Release|Any CPU
		{3BA640B8-A0C1-4496-9077-F6E3F1A71145}.Release|Any CPU.Deploy.0 = Release|Any CPU
		{3BA640B8-A0C1-4496-9077-F6E3F1A71145}.Release|ARM.ActiveCfg = Release|Any CPU
		{3BA640B8-A0C1-4496-9077-F6E3F1A71145}.Release|ARM.Build.0 = Release|Any CPU
		{3BA640B8-A0C1-4496-9077-F6E3F1A71145}.Release|ARM.Deploy.0 = Release|Any CPU
		{3BA640B8-A0C1-4496-9077-F6E3F1A71145}.Release|iPhone.ActiveCfg = Release|Any CPU
		{3BA640B8-A0C1-4496-9077-F6E3F1A71145}.Release|iPhone.Build.0 = Release|Any CPU
		{3BA640B8-A0C1-4496-9077-F6E3F1A71145}.Release|iPhone.Deploy.0 = Release|Any CPU
		{3BA640B8-A0C1-4496-9077-F6E3F1A71145}.Release|iPhoneSimulator.ActiveCfg = Release|Any CPU
		{3BA640B8-A0C1-4496-9077-F6E3F1A71145}.Release|iPhoneSimulator.Build.0 = Release|Any CPU
		{3BA640B8-A0C1-4496-9077-F6E3F1A71145}.Release|iPhoneSimulator.Deploy.0 = Release|Any CPU
		{3BA640B8-A0C1-4496-9077-F6E3F1A71145}.Release|x64.ActiveCfg = Release|Any CPU
		{3BA640B8-A0C1-4496-9077-F6E3F1A71145}.Release|x64.Build.0 = Release|Any CPU
		{3BA640B8-A0C1-4496-9077-F6E3F1A71145}.Release|x64.Deploy.0 = Release|Any CPU
		{3BA640B8-A0C1-4496-9077-F6E3F1A71145}.Release|x86.ActiveCfg = Release|Any CPU
		{3BA640B8-A0C1-4496-9077-F6E3F1A71145}.Release|x86.Build.0 = Release|Any CPU
		{3BA640B8-A0C1-4496-9077-F6E3F1A71145}.Release|x86.Deploy.0 = Release|Any CPU
		{664F238D-4109-492B-9AED-B14BE4C9AE75}.Debug|Any CPU.ActiveCfg = Debug|iPhoneSimulator
		{664F238D-4109-492B-9AED-B14BE4C9AE75}.Debug|Any CPU.Build.0 = Debug|iPhoneSimulator
		{664F238D-4109-492B-9AED-B14BE4C9AE75}.Debug|ARM.ActiveCfg = Debug|iPhone
		{664F238D-4109-492B-9AED-B14BE4C9AE75}.Debug|iPhone.ActiveCfg = Debug|iPhone
		{664F238D-4109-492B-9AED-B14BE4C9AE75}.Debug|iPhone.Build.0 = Debug|iPhone
		{664F238D-4109-492B-9AED-B14BE4C9AE75}.Debug|iPhoneSimulator.ActiveCfg = Debug|iPhoneSimulator
		{664F238D-4109-492B-9AED-B14BE4C9AE75}.Debug|iPhoneSimulator.Build.0 = Debug|iPhoneSimulator
		{664F238D-4109-492B-9AED-B14BE4C9AE75}.Debug|x64.ActiveCfg = Debug|iPhone
		{664F238D-4109-492B-9AED-B14BE4C9AE75}.Debug|x86.ActiveCfg = Debug|iPhone
		{664F238D-4109-492B-9AED-B14BE4C9AE75}.Release|Any CPU.ActiveCfg = Release|iPhone
		{664F238D-4109-492B-9AED-B14BE4C9AE75}.Release|ARM.ActiveCfg = Release|iPhoneSimulator
		{664F238D-4109-492B-9AED-B14BE4C9AE75}.Release|iPhone.ActiveCfg = Release|iPhone
		{664F238D-4109-492B-9AED-B14BE4C9AE75}.Release|iPhone.Build.0 = Release|iPhone
		{664F238D-4109-492B-9AED-B14BE4C9AE75}.Release|iPhoneSimulator.ActiveCfg = Release|iPhoneSimulator
		{664F238D-4109-492B-9AED-B14BE4C9AE75}.Release|iPhoneSimulator.Build.0 = Release|iPhoneSimulator
		{664F238D-4109-492B-9AED-B14BE4C9AE75}.Release|x64.ActiveCfg = Release|iPhoneSimulator
		{664F238D-4109-492B-9AED-B14BE4C9AE75}.Release|x86.ActiveCfg = Release|iPhoneSimulator
		{AF24BE37-B28C-4859-BF3F-D034024B08A7}.Debug|Any CPU.ActiveCfg = Debug|Any CPU
		{AF24BE37-B28C-4859-BF3F-D034024B08A7}.Debug|ARM.ActiveCfg = Debug|Any CPU
		{AF24BE37-B28C-4859-BF3F-D034024B08A7}.Debug|ARM.Build.0 = Debug|Any CPU
		{AF24BE37-B28C-4859-BF3F-D034024B08A7}.Debug|iPhone.ActiveCfg = Debug|Any CPU
		{AF24BE37-B28C-4859-BF3F-D034024B08A7}.Debug|iPhone.Build.0 = Debug|Any CPU
		{AF24BE37-B28C-4859-BF3F-D034024B08A7}.Debug|iPhoneSimulator.ActiveCfg = Debug|Any CPU
		{AF24BE37-B28C-4859-BF3F-D034024B08A7}.Debug|iPhoneSimulator.Build.0 = Debug|Any CPU
		{AF24BE37-B28C-4859-BF3F-D034024B08A7}.Debug|x64.ActiveCfg = Debug|Any CPU
		{AF24BE37-B28C-4859-BF3F-D034024B08A7}.Debug|x64.Build.0 = Debug|Any CPU
		{AF24BE37-B28C-4859-BF3F-D034024B08A7}.Debug|x86.ActiveCfg = Debug|Any CPU
		{AF24BE37-B28C-4859-BF3F-D034024B08A7}.Debug|x86.Build.0 = Debug|Any CPU
		{AF24BE37-B28C-4859-BF3F-D034024B08A7}.Release|Any CPU.ActiveCfg = Release|Any CPU
		{AF24BE37-B28C-4859-BF3F-D034024B08A7}.Release|Any CPU.Build.0 = Release|Any CPU
		{AF24BE37-B28C-4859-BF3F-D034024B08A7}.Release|ARM.ActiveCfg = Release|Any CPU
		{AF24BE37-B28C-4859-BF3F-D034024B08A7}.Release|ARM.Build.0 = Release|Any CPU
		{AF24BE37-B28C-4859-BF3F-D034024B08A7}.Release|iPhone.ActiveCfg = Release|Any CPU
		{AF24BE37-B28C-4859-BF3F-D034024B08A7}.Release|iPhone.Build.0 = Release|Any CPU
		{AF24BE37-B28C-4859-BF3F-D034024B08A7}.Release|iPhoneSimulator.ActiveCfg = Release|Any CPU
		{AF24BE37-B28C-4859-BF3F-D034024B08A7}.Release|iPhoneSimulator.Build.0 = Release|Any CPU
		{AF24BE37-B28C-4859-BF3F-D034024B08A7}.Release|x64.ActiveCfg = Release|Any CPU
		{AF24BE37-B28C-4859-BF3F-D034024B08A7}.Release|x64.Build.0 = Release|Any CPU
		{AF24BE37-B28C-4859-BF3F-D034024B08A7}.Release|x86.ActiveCfg = Release|Any CPU
		{AF24BE37-B28C-4859-BF3F-D034024B08A7}.Release|x86.Build.0 = Release|Any CPU
		{2E028B7C-CF6E-4577-8961-97B18E0D25CB}.Debug|Any CPU.ActiveCfg = Debug|Any CPU
		{2E028B7C-CF6E-4577-8961-97B18E0D25CB}.Debug|Any CPU.Build.0 = Debug|Any CPU
		{2E028B7C-CF6E-4577-8961-97B18E0D25CB}.Debug|ARM.ActiveCfg = Debug|Any CPU
		{2E028B7C-CF6E-4577-8961-97B18E0D25CB}.Debug|ARM.Build.0 = Debug|Any CPU
		{2E028B7C-CF6E-4577-8961-97B18E0D25CB}.Debug|iPhone.ActiveCfg = Debug|Any CPU
		{2E028B7C-CF6E-4577-8961-97B18E0D25CB}.Debug|iPhone.Build.0 = Debug|Any CPU
		{2E028B7C-CF6E-4577-8961-97B18E0D25CB}.Debug|iPhoneSimulator.ActiveCfg = Debug|Any CPU
		{2E028B7C-CF6E-4577-8961-97B18E0D25CB}.Debug|iPhoneSimulator.Build.0 = Debug|Any CPU
		{2E028B7C-CF6E-4577-8961-97B18E0D25CB}.Debug|x64.ActiveCfg = Debug|Any CPU
		{2E028B7C-CF6E-4577-8961-97B18E0D25CB}.Debug|x64.Build.0 = Debug|Any CPU
		{2E028B7C-CF6E-4577-8961-97B18E0D25CB}.Debug|x86.ActiveCfg = Debug|Any CPU
		{2E028B7C-CF6E-4577-8961-97B18E0D25CB}.Debug|x86.Build.0 = Debug|Any CPU
		{2E028B7C-CF6E-4577-8961-97B18E0D25CB}.Release|Any CPU.ActiveCfg = Release|Any CPU
		{2E028B7C-CF6E-4577-8961-97B18E0D25CB}.Release|Any CPU.Build.0 = Release|Any CPU
		{2E028B7C-CF6E-4577-8961-97B18E0D25CB}.Release|ARM.ActiveCfg = Release|Any CPU
		{2E028B7C-CF6E-4577-8961-97B18E0D25CB}.Release|ARM.Build.0 = Release|Any CPU
		{2E028B7C-CF6E-4577-8961-97B18E0D25CB}.Release|iPhone.ActiveCfg = Release|Any CPU
		{2E028B7C-CF6E-4577-8961-97B18E0D25CB}.Release|iPhone.Build.0 = Release|Any CPU
		{2E028B7C-CF6E-4577-8961-97B18E0D25CB}.Release|iPhoneSimulator.ActiveCfg = Release|Any CPU
		{2E028B7C-CF6E-4577-8961-97B18E0D25CB}.Release|iPhoneSimulator.Build.0 = Release|Any CPU
		{2E028B7C-CF6E-4577-8961-97B18E0D25CB}.Release|x64.ActiveCfg = Release|Any CPU
		{2E028B7C-CF6E-4577-8961-97B18E0D25CB}.Release|x64.Build.0 = Release|Any CPU
		{2E028B7C-CF6E-4577-8961-97B18E0D25CB}.Release|x86.ActiveCfg = Release|Any CPU
		{2E028B7C-CF6E-4577-8961-97B18E0D25CB}.Release|x86.Build.0 = Release|Any CPU
		{E17DAED6-C4AC-452D-9E54-5253E14D70C6}.Debug|Any CPU.ActiveCfg = Debug|Any CPU
		{E17DAED6-C4AC-452D-9E54-5253E14D70C6}.Debug|Any CPU.Build.0 = Debug|Any CPU
		{E17DAED6-C4AC-452D-9E54-5253E14D70C6}.Debug|ARM.ActiveCfg = Debug|Any CPU
		{E17DAED6-C4AC-452D-9E54-5253E14D70C6}.Debug|iPhone.ActiveCfg = Debug|Any CPU
		{E17DAED6-C4AC-452D-9E54-5253E14D70C6}.Debug|iPhone.Build.0 = Debug|Any CPU
		{E17DAED6-C4AC-452D-9E54-5253E14D70C6}.Debug|iPhoneSimulator.ActiveCfg = Debug|Any CPU
		{E17DAED6-C4AC-452D-9E54-5253E14D70C6}.Debug|iPhoneSimulator.Build.0 = Debug|Any CPU
		{E17DAED6-C4AC-452D-9E54-5253E14D70C6}.Debug|x64.ActiveCfg = Debug|Any CPU
		{E17DAED6-C4AC-452D-9E54-5253E14D70C6}.Debug|x86.ActiveCfg = Debug|Any CPU
		{E17DAED6-C4AC-452D-9E54-5253E14D70C6}.Release|Any CPU.ActiveCfg = Release|Any CPU
		{E17DAED6-C4AC-452D-9E54-5253E14D70C6}.Release|Any CPU.Build.0 = Release|Any CPU
		{E17DAED6-C4AC-452D-9E54-5253E14D70C6}.Release|ARM.ActiveCfg = Release|Any CPU
		{E17DAED6-C4AC-452D-9E54-5253E14D70C6}.Release|iPhone.ActiveCfg = Release|Any CPU
		{E17DAED6-C4AC-452D-9E54-5253E14D70C6}.Release|iPhone.Build.0 = Release|Any CPU
		{E17DAED6-C4AC-452D-9E54-5253E14D70C6}.Release|iPhoneSimulator.ActiveCfg = Release|Any CPU
		{E17DAED6-C4AC-452D-9E54-5253E14D70C6}.Release|iPhoneSimulator.Build.0 = Release|Any CPU
		{E17DAED6-C4AC-452D-9E54-5253E14D70C6}.Release|x64.ActiveCfg = Release|Any CPU
		{E17DAED6-C4AC-452D-9E54-5253E14D70C6}.Release|x86.ActiveCfg = Release|Any CPU
		{34C133DE-780E-4D79-B3A9-2901D971F3FD}.Debug|Any CPU.ActiveCfg = Debug|Any CPU
		{34C133DE-780E-4D79-B3A9-2901D971F3FD}.Debug|Any CPU.Build.0 = Debug|Any CPU
		{34C133DE-780E-4D79-B3A9-2901D971F3FD}.Debug|ARM.ActiveCfg = Debug|Any CPU
		{34C133DE-780E-4D79-B3A9-2901D971F3FD}.Debug|iPhone.ActiveCfg = Debug|Any CPU
		{34C133DE-780E-4D79-B3A9-2901D971F3FD}.Debug|iPhone.Build.0 = Debug|Any CPU
		{34C133DE-780E-4D79-B3A9-2901D971F3FD}.Debug|iPhoneSimulator.ActiveCfg = Debug|Any CPU
		{34C133DE-780E-4D79-B3A9-2901D971F3FD}.Debug|iPhoneSimulator.Build.0 = Debug|Any CPU
		{34C133DE-780E-4D79-B3A9-2901D971F3FD}.Debug|x64.ActiveCfg = Debug|Any CPU
		{34C133DE-780E-4D79-B3A9-2901D971F3FD}.Debug|x86.ActiveCfg = Debug|Any CPU
		{34C133DE-780E-4D79-B3A9-2901D971F3FD}.Release|Any CPU.ActiveCfg = Release|Any CPU
		{34C133DE-780E-4D79-B3A9-2901D971F3FD}.Release|Any CPU.Build.0 = Release|Any CPU
		{34C133DE-780E-4D79-B3A9-2901D971F3FD}.Release|ARM.ActiveCfg = Release|Any CPU
		{34C133DE-780E-4D79-B3A9-2901D971F3FD}.Release|iPhone.ActiveCfg = Release|Any CPU
		{34C133DE-780E-4D79-B3A9-2901D971F3FD}.Release|iPhone.Build.0 = Release|Any CPU
		{34C133DE-780E-4D79-B3A9-2901D971F3FD}.Release|iPhoneSimulator.ActiveCfg = Release|Any CPU
		{34C133DE-780E-4D79-B3A9-2901D971F3FD}.Release|iPhoneSimulator.Build.0 = Release|Any CPU
		{34C133DE-780E-4D79-B3A9-2901D971F3FD}.Release|x64.ActiveCfg = Release|Any CPU
		{34C133DE-780E-4D79-B3A9-2901D971F3FD}.Release|x86.ActiveCfg = Release|Any CPU
		{0EDB3246-195F-40F2-B2FF-78CF24AF143A}.Debug|Any CPU.ActiveCfg = Debug|Any CPU
		{0EDB3246-195F-40F2-B2FF-78CF24AF143A}.Debug|Any CPU.Build.0 = Debug|Any CPU
		{0EDB3246-195F-40F2-B2FF-78CF24AF143A}.Debug|ARM.ActiveCfg = Debug|Any CPU
		{0EDB3246-195F-40F2-B2FF-78CF24AF143A}.Debug|ARM.Build.0 = Debug|Any CPU
		{0EDB3246-195F-40F2-B2FF-78CF24AF143A}.Debug|iPhone.ActiveCfg = Debug|Any CPU
		{0EDB3246-195F-40F2-B2FF-78CF24AF143A}.Debug|iPhone.Build.0 = Debug|Any CPU
		{0EDB3246-195F-40F2-B2FF-78CF24AF143A}.Debug|iPhoneSimulator.ActiveCfg = Debug|Any CPU
		{0EDB3246-195F-40F2-B2FF-78CF24AF143A}.Debug|iPhoneSimulator.Build.0 = Debug|Any CPU
		{0EDB3246-195F-40F2-B2FF-78CF24AF143A}.Debug|x64.ActiveCfg = Debug|Any CPU
		{0EDB3246-195F-40F2-B2FF-78CF24AF143A}.Debug|x64.Build.0 = Debug|Any CPU
		{0EDB3246-195F-40F2-B2FF-78CF24AF143A}.Debug|x86.ActiveCfg = Debug|Any CPU
		{0EDB3246-195F-40F2-B2FF-78CF24AF143A}.Debug|x86.Build.0 = Debug|Any CPU
		{0EDB3246-195F-40F2-B2FF-78CF24AF143A}.Release|Any CPU.ActiveCfg = Release|Any CPU
		{0EDB3246-195F-40F2-B2FF-78CF24AF143A}.Release|Any CPU.Build.0 = Release|Any CPU
		{0EDB3246-195F-40F2-B2FF-78CF24AF143A}.Release|ARM.ActiveCfg = Release|Any CPU
		{0EDB3246-195F-40F2-B2FF-78CF24AF143A}.Release|ARM.Build.0 = Release|Any CPU
		{0EDB3246-195F-40F2-B2FF-78CF24AF143A}.Release|iPhone.ActiveCfg = Release|Any CPU
		{0EDB3246-195F-40F2-B2FF-78CF24AF143A}.Release|iPhone.Build.0 = Release|Any CPU
		{0EDB3246-195F-40F2-B2FF-78CF24AF143A}.Release|iPhoneSimulator.ActiveCfg = Release|Any CPU
		{0EDB3246-195F-40F2-B2FF-78CF24AF143A}.Release|iPhoneSimulator.Build.0 = Release|Any CPU
		{0EDB3246-195F-40F2-B2FF-78CF24AF143A}.Release|x64.ActiveCfg = Release|Any CPU
		{0EDB3246-195F-40F2-B2FF-78CF24AF143A}.Release|x64.Build.0 = Release|Any CPU
		{0EDB3246-195F-40F2-B2FF-78CF24AF143A}.Release|x86.ActiveCfg = Release|Any CPU
		{0EDB3246-195F-40F2-B2FF-78CF24AF143A}.Release|x86.Build.0 = Release|Any CPU
		{1B200318-3EAB-4D3E-AA4E-4E2803DAB0E1}.Debug|Any CPU.ActiveCfg = Debug|Any CPU
		{1B200318-3EAB-4D3E-AA4E-4E2803DAB0E1}.Debug|Any CPU.Build.0 = Debug|Any CPU
		{1B200318-3EAB-4D3E-AA4E-4E2803DAB0E1}.Debug|ARM.ActiveCfg = Debug|Any CPU
		{1B200318-3EAB-4D3E-AA4E-4E2803DAB0E1}.Debug|ARM.Build.0 = Debug|Any CPU
		{1B200318-3EAB-4D3E-AA4E-4E2803DAB0E1}.Debug|iPhone.ActiveCfg = Debug|Any CPU
		{1B200318-3EAB-4D3E-AA4E-4E2803DAB0E1}.Debug|iPhone.Build.0 = Debug|Any CPU
		{1B200318-3EAB-4D3E-AA4E-4E2803DAB0E1}.Debug|iPhoneSimulator.ActiveCfg = Debug|Any CPU
		{1B200318-3EAB-4D3E-AA4E-4E2803DAB0E1}.Debug|iPhoneSimulator.Build.0 = Debug|Any CPU
		{1B200318-3EAB-4D3E-AA4E-4E2803DAB0E1}.Debug|x64.ActiveCfg = Debug|Any CPU
		{1B200318-3EAB-4D3E-AA4E-4E2803DAB0E1}.Debug|x64.Build.0 = Debug|Any CPU
		{1B200318-3EAB-4D3E-AA4E-4E2803DAB0E1}.Debug|x86.ActiveCfg = Debug|Any CPU
		{1B200318-3EAB-4D3E-AA4E-4E2803DAB0E1}.Debug|x86.Build.0 = Debug|Any CPU
		{1B200318-3EAB-4D3E-AA4E-4E2803DAB0E1}.Release|Any CPU.ActiveCfg = Release|Any CPU
		{1B200318-3EAB-4D3E-AA4E-4E2803DAB0E1}.Release|Any CPU.Build.0 = Release|Any CPU
		{1B200318-3EAB-4D3E-AA4E-4E2803DAB0E1}.Release|ARM.ActiveCfg = Release|Any CPU
		{1B200318-3EAB-4D3E-AA4E-4E2803DAB0E1}.Release|ARM.Build.0 = Release|Any CPU
		{1B200318-3EAB-4D3E-AA4E-4E2803DAB0E1}.Release|iPhone.ActiveCfg = Release|Any CPU
		{1B200318-3EAB-4D3E-AA4E-4E2803DAB0E1}.Release|iPhone.Build.0 = Release|Any CPU
		{1B200318-3EAB-4D3E-AA4E-4E2803DAB0E1}.Release|iPhoneSimulator.ActiveCfg = Release|Any CPU
		{1B200318-3EAB-4D3E-AA4E-4E2803DAB0E1}.Release|iPhoneSimulator.Build.0 = Release|Any CPU
		{1B200318-3EAB-4D3E-AA4E-4E2803DAB0E1}.Release|x64.ActiveCfg = Release|Any CPU
		{1B200318-3EAB-4D3E-AA4E-4E2803DAB0E1}.Release|x64.Build.0 = Release|Any CPU
		{1B200318-3EAB-4D3E-AA4E-4E2803DAB0E1}.Release|x86.ActiveCfg = Release|Any CPU
		{1B200318-3EAB-4D3E-AA4E-4E2803DAB0E1}.Release|x86.Build.0 = Release|Any CPU
		{DDDF8099-63B8-4332-9006-EA11E15F62FE}.Debug|Any CPU.ActiveCfg = Debug|x86
		{DDDF8099-63B8-4332-9006-EA11E15F62FE}.Debug|ARM.ActiveCfg = Debug|ARM
		{DDDF8099-63B8-4332-9006-EA11E15F62FE}.Debug|ARM.Build.0 = Debug|ARM
		{DDDF8099-63B8-4332-9006-EA11E15F62FE}.Debug|ARM.Deploy.0 = Debug|ARM
		{DDDF8099-63B8-4332-9006-EA11E15F62FE}.Debug|iPhone.ActiveCfg = Debug|x86
		{DDDF8099-63B8-4332-9006-EA11E15F62FE}.Debug|iPhoneSimulator.ActiveCfg = Debug|x86
		{DDDF8099-63B8-4332-9006-EA11E15F62FE}.Debug|x64.ActiveCfg = Debug|x64
		{DDDF8099-63B8-4332-9006-EA11E15F62FE}.Debug|x64.Build.0 = Debug|x64
		{DDDF8099-63B8-4332-9006-EA11E15F62FE}.Debug|x64.Deploy.0 = Debug|x64
		{DDDF8099-63B8-4332-9006-EA11E15F62FE}.Debug|x86.ActiveCfg = Debug|x86
		{DDDF8099-63B8-4332-9006-EA11E15F62FE}.Debug|x86.Build.0 = Debug|x86
		{DDDF8099-63B8-4332-9006-EA11E15F62FE}.Debug|x86.Deploy.0 = Debug|x86
		{DDDF8099-63B8-4332-9006-EA11E15F62FE}.Release|Any CPU.ActiveCfg = Release|x86
		{DDDF8099-63B8-4332-9006-EA11E15F62FE}.Release|ARM.ActiveCfg = Release|ARM
		{DDDF8099-63B8-4332-9006-EA11E15F62FE}.Release|ARM.Build.0 = Release|ARM
		{DDDF8099-63B8-4332-9006-EA11E15F62FE}.Release|ARM.Deploy.0 = Release|ARM
		{DDDF8099-63B8-4332-9006-EA11E15F62FE}.Release|iPhone.ActiveCfg = Release|x86
		{DDDF8099-63B8-4332-9006-EA11E15F62FE}.Release|iPhoneSimulator.ActiveCfg = Release|x86
		{DDDF8099-63B8-4332-9006-EA11E15F62FE}.Release|x64.ActiveCfg = Release|x64
		{DDDF8099-63B8-4332-9006-EA11E15F62FE}.Release|x64.Build.0 = Release|x64
		{DDDF8099-63B8-4332-9006-EA11E15F62FE}.Release|x64.Deploy.0 = Release|x64
		{DDDF8099-63B8-4332-9006-EA11E15F62FE}.Release|x86.ActiveCfg = Release|x86
		{DDDF8099-63B8-4332-9006-EA11E15F62FE}.Release|x86.Build.0 = Release|x86
		{DDDF8099-63B8-4332-9006-EA11E15F62FE}.Release|x86.Deploy.0 = Release|x86
		{E4F657B0-776B-4852-BCDE-619DAB8C8317}.Debug|Any CPU.ActiveCfg = Debug|Any CPU
		{E4F657B0-776B-4852-BCDE-619DAB8C8317}.Debug|Any CPU.Build.0 = Debug|Any CPU
		{E4F657B0-776B-4852-BCDE-619DAB8C8317}.Debug|ARM.ActiveCfg = Debug|Any CPU
		{E4F657B0-776B-4852-BCDE-619DAB8C8317}.Debug|ARM.Build.0 = Debug|Any CPU
		{E4F657B0-776B-4852-BCDE-619DAB8C8317}.Debug|iPhone.ActiveCfg = Debug|Any CPU
		{E4F657B0-776B-4852-BCDE-619DAB8C8317}.Debug|iPhone.Build.0 = Debug|Any CPU
		{E4F657B0-776B-4852-BCDE-619DAB8C8317}.Debug|iPhoneSimulator.ActiveCfg = Debug|Any CPU
		{E4F657B0-776B-4852-BCDE-619DAB8C8317}.Debug|iPhoneSimulator.Build.0 = Debug|Any CPU
		{E4F657B0-776B-4852-BCDE-619DAB8C8317}.Debug|x64.ActiveCfg = Debug|Any CPU
		{E4F657B0-776B-4852-BCDE-619DAB8C8317}.Debug|x64.Build.0 = Debug|Any CPU
		{E4F657B0-776B-4852-BCDE-619DAB8C8317}.Debug|x86.ActiveCfg = Debug|Any CPU
		{E4F657B0-776B-4852-BCDE-619DAB8C8317}.Debug|x86.Build.0 = Debug|Any CPU
		{E4F657B0-776B-4852-BCDE-619DAB8C8317}.Release|Any CPU.ActiveCfg = Release|Any CPU
		{E4F657B0-776B-4852-BCDE-619DAB8C8317}.Release|Any CPU.Build.0 = Release|Any CPU
		{E4F657B0-776B-4852-BCDE-619DAB8C8317}.Release|ARM.ActiveCfg = Release|Any CPU
		{E4F657B0-776B-4852-BCDE-619DAB8C8317}.Release|ARM.Build.0 = Release|Any CPU
		{E4F657B0-776B-4852-BCDE-619DAB8C8317}.Release|iPhone.ActiveCfg = Release|Any CPU
		{E4F657B0-776B-4852-BCDE-619DAB8C8317}.Release|iPhone.Build.0 = Release|Any CPU
		{E4F657B0-776B-4852-BCDE-619DAB8C8317}.Release|iPhoneSimulator.ActiveCfg = Release|Any CPU
		{E4F657B0-776B-4852-BCDE-619DAB8C8317}.Release|iPhoneSimulator.Build.0 = Release|Any CPU
		{E4F657B0-776B-4852-BCDE-619DAB8C8317}.Release|x64.ActiveCfg = Release|Any CPU
		{E4F657B0-776B-4852-BCDE-619DAB8C8317}.Release|x64.Build.0 = Release|Any CPU
		{E4F657B0-776B-4852-BCDE-619DAB8C8317}.Release|x86.ActiveCfg = Release|Any CPU
		{E4F657B0-776B-4852-BCDE-619DAB8C8317}.Release|x86.Build.0 = Release|Any CPU
		{38872A5F-E87E-4FAD-B109-8EB7B2E6A4A1}.Debug|Any CPU.ActiveCfg = Debug|Any CPU
		{38872A5F-E87E-4FAD-B109-8EB7B2E6A4A1}.Debug|Any CPU.Build.0 = Debug|Any CPU
		{38872A5F-E87E-4FAD-B109-8EB7B2E6A4A1}.Debug|ARM.ActiveCfg = Debug|Any CPU
		{38872A5F-E87E-4FAD-B109-8EB7B2E6A4A1}.Debug|ARM.Build.0 = Debug|Any CPU
		{38872A5F-E87E-4FAD-B109-8EB7B2E6A4A1}.Debug|iPhone.ActiveCfg = Debug|Any CPU
		{38872A5F-E87E-4FAD-B109-8EB7B2E6A4A1}.Debug|iPhone.Build.0 = Debug|Any CPU
		{38872A5F-E87E-4FAD-B109-8EB7B2E6A4A1}.Debug|iPhoneSimulator.ActiveCfg = Debug|Any CPU
		{38872A5F-E87E-4FAD-B109-8EB7B2E6A4A1}.Debug|iPhoneSimulator.Build.0 = Debug|Any CPU
		{38872A5F-E87E-4FAD-B109-8EB7B2E6A4A1}.Debug|x64.ActiveCfg = Debug|Any CPU
		{38872A5F-E87E-4FAD-B109-8EB7B2E6A4A1}.Debug|x64.Build.0 = Debug|Any CPU
		{38872A5F-E87E-4FAD-B109-8EB7B2E6A4A1}.Debug|x86.ActiveCfg = Debug|Any CPU
		{38872A5F-E87E-4FAD-B109-8EB7B2E6A4A1}.Debug|x86.Build.0 = Debug|Any CPU
		{38872A5F-E87E-4FAD-B109-8EB7B2E6A4A1}.Release|Any CPU.ActiveCfg = Release|Any CPU
		{38872A5F-E87E-4FAD-B109-8EB7B2E6A4A1}.Release|Any CPU.Build.0 = Release|Any CPU
		{38872A5F-E87E-4FAD-B109-8EB7B2E6A4A1}.Release|ARM.ActiveCfg = Release|Any CPU
		{38872A5F-E87E-4FAD-B109-8EB7B2E6A4A1}.Release|ARM.Build.0 = Release|Any CPU
		{38872A5F-E87E-4FAD-B109-8EB7B2E6A4A1}.Release|iPhone.ActiveCfg = Release|Any CPU
		{38872A5F-E87E-4FAD-B109-8EB7B2E6A4A1}.Release|iPhone.Build.0 = Release|Any CPU
		{38872A5F-E87E-4FAD-B109-8EB7B2E6A4A1}.Release|iPhoneSimulator.ActiveCfg = Release|Any CPU
		{38872A5F-E87E-4FAD-B109-8EB7B2E6A4A1}.Release|iPhoneSimulator.Build.0 = Release|Any CPU
		{38872A5F-E87E-4FAD-B109-8EB7B2E6A4A1}.Release|x64.ActiveCfg = Release|Any CPU
		{38872A5F-E87E-4FAD-B109-8EB7B2E6A4A1}.Release|x64.Build.0 = Release|Any CPU
		{38872A5F-E87E-4FAD-B109-8EB7B2E6A4A1}.Release|x86.ActiveCfg = Release|Any CPU
		{38872A5F-E87E-4FAD-B109-8EB7B2E6A4A1}.Release|x86.Build.0 = Release|Any CPU
	EndGlobalSection
	GlobalSection(SolutionProperties) = preSolution
		HideSolutionNode = FALSE
	EndGlobalSection
	GlobalSection(NestedProjects) = preSolution
		{E5802ED3-A69A-49C0-B797-886D3D051D17} = {01785374-9D29-481F-BAD4-E2137CAC8057}
		{6DA15DA4-C47A-4496-A73F-0868BCCF9B76} = {9CF1BE73-6CB1-4EDB-9A3D-A4BF5335EE4F}
		{018175AE-CD5A-4DDA-A1B3-09407A07A7C0} = {9CF1BE73-6CB1-4EDB-9A3D-A4BF5335EE4F}
		{A2B9EC05-8836-43FE-A619-E34578DD920D} = {01785374-9D29-481F-BAD4-E2137CAC8057}
		{0853ACF5-0B48-487D-B2D9-5495BB4CE0E3} = {01785374-9D29-481F-BAD4-E2137CAC8057}
		{DCF0E624-2C0D-4908-BFBA-D55DC3523781} = {9CF1BE73-6CB1-4EDB-9A3D-A4BF5335EE4F}
		{3BA640B8-A0C1-4496-9077-F6E3F1A71145} = {9CF1BE73-6CB1-4EDB-9A3D-A4BF5335EE4F}
		{664F238D-4109-492B-9AED-B14BE4C9AE75} = {9CF1BE73-6CB1-4EDB-9A3D-A4BF5335EE4F}
		{AF24BE37-B28C-4859-BF3F-D034024B08A7} = {01785374-9D29-481F-BAD4-E2137CAC8057}
		{2E028B7C-CF6E-4577-8961-97B18E0D25CB} = {9CF1BE73-6CB1-4EDB-9A3D-A4BF5335EE4F}
		{E17DAED6-C4AC-452D-9E54-5253E14D70C6} = {BA763D78-4D84-4FC0-BF6D-AA811E0DF2D2}
		{34C133DE-780E-4D79-B3A9-2901D971F3FD} = {BA763D78-4D84-4FC0-BF6D-AA811E0DF2D2}
		{0EDB3246-195F-40F2-B2FF-78CF24AF143A} = {01785374-9D29-481F-BAD4-E2137CAC8057}
		{1B200318-3EAB-4D3E-AA4E-4E2803DAB0E1} = {9CF1BE73-6CB1-4EDB-9A3D-A4BF5335EE4F}
		{DDDF8099-63B8-4332-9006-EA11E15F62FE} = {9CF1BE73-6CB1-4EDB-9A3D-A4BF5335EE4F}
		{E4F657B0-776B-4852-BCDE-619DAB8C8317} = {E4371F2D-DF58-40B7-B2BB-858825004935}
		{38872A5F-E87E-4FAD-B109-8EB7B2E6A4A1} = {059D5105-D00F-46EE-8EBF-F606F0010F57}
	EndGlobalSection
	GlobalSection(ExtensibilityGlobals) = postSolution
		SolutionGuid = {A0ACEE4A-2985-4B4A-BD25-73DB7B8102AC}
	EndGlobalSection
	GlobalSection(MonoDevelopProperties) = preSolution
		version = 0.5.1
		outputpath = Bin
		Policies = $0
		$0.DotNetNamingPolicy = $1
		$1.DirectoryNamespaceAssociation = PrefixedHierarchical
		$0.TextStylePolicy = $2
		$2.inheritsSet = null
		$2.scope = text/x-csharp
		$0.CSharpFormattingPolicy = $3
		$3.scope = text/x-csharp
		$0.VersionControlPolicy = $4
		$0.StandardHeader = $5
	EndGlobalSection
EndGlobal
