Microsoft Visual Studio Solution File, Format Version 12.00
# Visual Studio Version 16
VisualStudioVersion = 16.0.29424.173
MinimumVisualStudioVersion = 10.0.40219.1
Project("{2150E333-8FDC-42A3-9474-1A3956D46DE8}") = "Solution Items", "Solution Items", "{059D5105-D00F-46EE-8EBF-F606F0010F57}"
	ProjectSection(SolutionItems) = preProject
		docs\JsonRPC.md = docs\JsonRPC.md
		Readme.md = Readme.md
	EndProjectSection
EndProject
Project("{2150E333-8FDC-42A3-9474-1A3956D46DE8}") = "Client", "Client", "{9CF1BE73-6CB1-4EDB-9A3D-A4BF5335EE4F}"
EndProject
Project("{2150E333-8FDC-42A3-9474-1A3956D46DE8}") = "Core", "Core", "{01785374-9D29-481F-BAD4-E2137CAC8057}"
EndProject
Project("{FAE04EC0-301F-11D3-BF4B-00C04F79EFBC}") = "Core", "Core\Lyra.Core\Core.csproj", "{E5802ED3-A69A-49C0-B797-886D3D051D17}"
EndProject
Project("{FAE04EC0-301F-11D3-BF4B-00C04F79EFBC}") = "Client.CLI", "Client\Lyra.Client.CLI\Client.CLI.csproj", "{6DA15DA4-C47A-4496-A73F-0868BCCF9B76}"
EndProject
Project("{FAE04EC0-301F-11D3-BF4B-00C04F79EFBC}") = "Noded", "Core\Lyra.Node2\Noded.csproj", "{A2B9EC05-8836-43FE-A619-E34578DD920D}"
EndProject
Project("{2150E333-8FDC-42A3-9474-1A3956D46DE8}") = "Tests", "Tests", "{BA763D78-4D84-4FC0-BF6D-AA811E0DF2D2}"
EndProject
Project("{2150E333-8FDC-42A3-9474-1A3956D46DE8}") = "Utils", "Utils", "{E4371F2D-DF58-40B7-B2BB-858825004935}"
EndProject
Project("{9A19103F-16F7-4668-BE54-9A1E7A4F7556}") = "Friday", "Utils\Friday\Friday.csproj", "{7E6E510B-B663-45F8-BE8D-3B7F6FBC55F8}"
EndProject
Project("{9A19103F-16F7-4668-BE54-9A1E7A4F7556}") = "Shared", "Core\Lyra.Shared\Shared.csproj", "{550F226B-610F-45D2-8CD7-5012313FB362}"
EndProject
Project("{9A19103F-16F7-4668-BE54-9A1E7A4F7556}") = "UnitTests", "Tests\UnitTests\UnitTests.csproj", "{5C870808-DE2F-433D-A423-A8B26B9597A5}"
EndProject
Project("{9A19103F-16F7-4668-BE54-9A1E7A4F7556}") = "StressTest", "Tests\StressTest\StressTest.csproj", "{30E926E8-0113-4400-9822-E360E47CFF34}"
EndProject
Project("{FAE04EC0-301F-11D3-BF4B-00C04F79EFBC}") = "Lyra.Data", "Core\Lyra.Data\Lyra.Data.csproj", "{E928C992-2D83-4F7F-BC11-395C75ADC894}"
EndProject
Global
	GlobalSection(SolutionConfigurationPlatforms) = preSolution
		Debug|Any CPU = Debug|Any CPU
		Debug|ARM = Debug|ARM
		Debug|iPhone = Debug|iPhone
		Debug|iPhoneSimulator = Debug|iPhoneSimulator
		Debug|x64 = Debug|x64
		Debug|x86 = Debug|x86
		Release|Any CPU = Release|Any CPU
		Release|ARM = Release|ARM
		Release|iPhone = Release|iPhone
		Release|iPhoneSimulator = Release|iPhoneSimulator
		Release|x64 = Release|x64
		Release|x86 = Release|x86
	EndGlobalSection
	GlobalSection(ProjectConfigurationPlatforms) = postSolution
		{E5802ED3-A69A-49C0-B797-886D3D051D17}.Debug|Any CPU.ActiveCfg = Debug|Any CPU
		{E5802ED3-A69A-49C0-B797-886D3D051D17}.Debug|Any CPU.Build.0 = Debug|Any CPU
		{E5802ED3-A69A-49C0-B797-886D3D051D17}.Debug|ARM.ActiveCfg = Debug|Any CPU
		{E5802ED3-A69A-49C0-B797-886D3D051D17}.Debug|ARM.Build.0 = Debug|Any CPU
		{E5802ED3-A69A-49C0-B797-886D3D051D17}.Debug|iPhone.ActiveCfg = Debug|Any CPU
		{E5802ED3-A69A-49C0-B797-886D3D051D17}.Debug|iPhone.Build.0 = Debug|Any CPU
		{E5802ED3-A69A-49C0-B797-886D3D051D17}.Debug|iPhoneSimulator.ActiveCfg = Debug|Any CPU
		{E5802ED3-A69A-49C0-B797-886D3D051D17}.Debug|iPhoneSimulator.Build.0 = Debug|Any CPU
		{E5802ED3-A69A-49C0-B797-886D3D051D17}.Debug|x64.ActiveCfg = Debug|Any CPU
		{E5802ED3-A69A-49C0-B797-886D3D051D17}.Debug|x64.Build.0 = Debug|Any CPU
		{E5802ED3-A69A-49C0-B797-886D3D051D17}.Debug|x86.ActiveCfg = Debug|Any CPU
		{E5802ED3-A69A-49C0-B797-886D3D051D17}.Debug|x86.Build.0 = Debug|Any CPU
		{E5802ED3-A69A-49C0-B797-886D3D051D17}.Release|Any CPU.ActiveCfg = Release|Any CPU
		{E5802ED3-A69A-49C0-B797-886D3D051D17}.Release|Any CPU.Build.0 = Release|Any CPU
		{E5802ED3-A69A-49C0-B797-886D3D051D17}.Release|ARM.ActiveCfg = Release|Any CPU
		{E5802ED3-A69A-49C0-B797-886D3D051D17}.Release|ARM.Build.0 = Release|Any CPU
		{E5802ED3-A69A-49C0-B797-886D3D051D17}.Release|iPhone.ActiveCfg = Release|Any CPU
		{E5802ED3-A69A-49C0-B797-886D3D051D17}.Release|iPhone.Build.0 = Release|Any CPU
		{E5802ED3-A69A-49C0-B797-886D3D051D17}.Release|iPhoneSimulator.ActiveCfg = Release|Any CPU
		{E5802ED3-A69A-49C0-B797-886D3D051D17}.Release|iPhoneSimulator.Build.0 = Release|Any CPU
		{E5802ED3-A69A-49C0-B797-886D3D051D17}.Release|x64.ActiveCfg = Release|Any CPU
		{E5802ED3-A69A-49C0-B797-886D3D051D17}.Release|x64.Build.0 = Release|Any CPU
		{E5802ED3-A69A-49C0-B797-886D3D051D17}.Release|x86.ActiveCfg = Release|Any CPU
		{E5802ED3-A69A-49C0-B797-886D3D051D17}.Release|x86.Build.0 = Release|Any CPU
		{6DA15DA4-C47A-4496-A73F-0868BCCF9B76}.Debug|Any CPU.ActiveCfg = Debug|Any CPU
		{6DA15DA4-C47A-4496-A73F-0868BCCF9B76}.Debug|Any CPU.Build.0 = Debug|Any CPU
		{6DA15DA4-C47A-4496-A73F-0868BCCF9B76}.Debug|ARM.ActiveCfg = Debug|Any CPU
		{6DA15DA4-C47A-4496-A73F-0868BCCF9B76}.Debug|ARM.Build.0 = Debug|Any CPU
		{6DA15DA4-C47A-4496-A73F-0868BCCF9B76}.Debug|iPhone.ActiveCfg = Debug|Any CPU
		{6DA15DA4-C47A-4496-A73F-0868BCCF9B76}.Debug|iPhone.Build.0 = Debug|Any CPU
		{6DA15DA4-C47A-4496-A73F-0868BCCF9B76}.Debug|iPhoneSimulator.ActiveCfg = Debug|Any CPU
		{6DA15DA4-C47A-4496-A73F-0868BCCF9B76}.Debug|iPhoneSimulator.Build.0 = Debug|Any CPU
		{6DA15DA4-C47A-4496-A73F-0868BCCF9B76}.Debug|x64.ActiveCfg = Debug|Any CPU
		{6DA15DA4-C47A-4496-A73F-0868BCCF9B76}.Debug|x64.Build.0 = Debug|Any CPU
		{6DA15DA4-C47A-4496-A73F-0868BCCF9B76}.Debug|x86.ActiveCfg = Debug|Any CPU
		{6DA15DA4-C47A-4496-A73F-0868BCCF9B76}.Debug|x86.Build.0 = Debug|Any CPU
		{6DA15DA4-C47A-4496-A73F-0868BCCF9B76}.Release|Any CPU.ActiveCfg = Release|Any CPU
		{6DA15DA4-C47A-4496-A73F-0868BCCF9B76}.Release|Any CPU.Build.0 = Release|Any CPU
		{6DA15DA4-C47A-4496-A73F-0868BCCF9B76}.Release|ARM.ActiveCfg = Release|Any CPU
		{6DA15DA4-C47A-4496-A73F-0868BCCF9B76}.Release|ARM.Build.0 = Release|Any CPU
		{6DA15DA4-C47A-4496-A73F-0868BCCF9B76}.Release|iPhone.ActiveCfg = Release|Any CPU
		{6DA15DA4-C47A-4496-A73F-0868BCCF9B76}.Release|iPhone.Build.0 = Release|Any CPU
		{6DA15DA4-C47A-4496-A73F-0868BCCF9B76}.Release|iPhoneSimulator.ActiveCfg = Release|Any CPU
		{6DA15DA4-C47A-4496-A73F-0868BCCF9B76}.Release|iPhoneSimulator.Build.0 = Release|Any CPU
		{6DA15DA4-C47A-4496-A73F-0868BCCF9B76}.Release|x64.ActiveCfg = Release|Any CPU
		{6DA15DA4-C47A-4496-A73F-0868BCCF9B76}.Release|x64.Build.0 = Release|Any CPU
		{6DA15DA4-C47A-4496-A73F-0868BCCF9B76}.Release|x86.ActiveCfg = Release|Any CPU
		{6DA15DA4-C47A-4496-A73F-0868BCCF9B76}.Release|x86.Build.0 = Release|Any CPU
		{A2B9EC05-8836-43FE-A619-E34578DD920D}.Debug|Any CPU.ActiveCfg = Debug|Any CPU
		{A2B9EC05-8836-43FE-A619-E34578DD920D}.Debug|Any CPU.Build.0 = Debug|Any CPU
		{A2B9EC05-8836-43FE-A619-E34578DD920D}.Debug|ARM.ActiveCfg = Debug|Any CPU
		{A2B9EC05-8836-43FE-A619-E34578DD920D}.Debug|ARM.Build.0 = Debug|Any CPU
		{A2B9EC05-8836-43FE-A619-E34578DD920D}.Debug|iPhone.ActiveCfg = Debug|Any CPU
		{A2B9EC05-8836-43FE-A619-E34578DD920D}.Debug|iPhone.Build.0 = Debug|Any CPU
		{A2B9EC05-8836-43FE-A619-E34578DD920D}.Debug|iPhoneSimulator.ActiveCfg = Debug|Any CPU
		{A2B9EC05-8836-43FE-A619-E34578DD920D}.Debug|iPhoneSimulator.Build.0 = Debug|Any CPU
		{A2B9EC05-8836-43FE-A619-E34578DD920D}.Debug|x64.ActiveCfg = Debug|Any CPU
		{A2B9EC05-8836-43FE-A619-E34578DD920D}.Debug|x64.Build.0 = Debug|Any CPU
		{A2B9EC05-8836-43FE-A619-E34578DD920D}.Debug|x86.ActiveCfg = Debug|Any CPU
		{A2B9EC05-8836-43FE-A619-E34578DD920D}.Debug|x86.Build.0 = Debug|Any CPU
		{A2B9EC05-8836-43FE-A619-E34578DD920D}.Release|Any CPU.ActiveCfg = Release|Any CPU
		{A2B9EC05-8836-43FE-A619-E34578DD920D}.Release|Any CPU.Build.0 = Release|Any CPU
		{A2B9EC05-8836-43FE-A619-E34578DD920D}.Release|ARM.ActiveCfg = Release|Any CPU
		{A2B9EC05-8836-43FE-A619-E34578DD920D}.Release|ARM.Build.0 = Release|Any CPU
		{A2B9EC05-8836-43FE-A619-E34578DD920D}.Release|iPhone.ActiveCfg = Release|Any CPU
		{A2B9EC05-8836-43FE-A619-E34578DD920D}.Release|iPhone.Build.0 = Release|Any CPU
		{A2B9EC05-8836-43FE-A619-E34578DD920D}.Release|iPhoneSimulator.ActiveCfg = Release|Any CPU
		{A2B9EC05-8836-43FE-A619-E34578DD920D}.Release|iPhoneSimulator.Build.0 = Release|Any CPU
		{A2B9EC05-8836-43FE-A619-E34578DD920D}.Release|x64.ActiveCfg = Release|Any CPU
		{A2B9EC05-8836-43FE-A619-E34578DD920D}.Release|x64.Build.0 = Release|Any CPU
		{A2B9EC05-8836-43FE-A619-E34578DD920D}.Release|x86.ActiveCfg = Release|Any CPU
		{A2B9EC05-8836-43FE-A619-E34578DD920D}.Release|x86.Build.0 = Release|Any CPU
		{7E6E510B-B663-45F8-BE8D-3B7F6FBC55F8}.Debug|Any CPU.ActiveCfg = Debug|Any CPU
		{7E6E510B-B663-45F8-BE8D-3B7F6FBC55F8}.Debug|Any CPU.Build.0 = Debug|Any CPU
		{7E6E510B-B663-45F8-BE8D-3B7F6FBC55F8}.Debug|ARM.ActiveCfg = Debug|Any CPU
		{7E6E510B-B663-45F8-BE8D-3B7F6FBC55F8}.Debug|ARM.Build.0 = Debug|Any CPU
		{7E6E510B-B663-45F8-BE8D-3B7F6FBC55F8}.Debug|iPhone.ActiveCfg = Debug|Any CPU
		{7E6E510B-B663-45F8-BE8D-3B7F6FBC55F8}.Debug|iPhone.Build.0 = Debug|Any CPU
		{7E6E510B-B663-45F8-BE8D-3B7F6FBC55F8}.Debug|iPhoneSimulator.ActiveCfg = Debug|Any CPU
		{7E6E510B-B663-45F8-BE8D-3B7F6FBC55F8}.Debug|iPhoneSimulator.Build.0 = Debug|Any CPU
		{7E6E510B-B663-45F8-BE8D-3B7F6FBC55F8}.Debug|x64.ActiveCfg = Debug|Any CPU
		{7E6E510B-B663-45F8-BE8D-3B7F6FBC55F8}.Debug|x64.Build.0 = Debug|Any CPU
		{7E6E510B-B663-45F8-BE8D-3B7F6FBC55F8}.Debug|x86.ActiveCfg = Debug|Any CPU
		{7E6E510B-B663-45F8-BE8D-3B7F6FBC55F8}.Debug|x86.Build.0 = Debug|Any CPU
		{7E6E510B-B663-45F8-BE8D-3B7F6FBC55F8}.Release|Any CPU.ActiveCfg = Release|Any CPU
		{7E6E510B-B663-45F8-BE8D-3B7F6FBC55F8}.Release|Any CPU.Build.0 = Release|Any CPU
		{7E6E510B-B663-45F8-BE8D-3B7F6FBC55F8}.Release|ARM.ActiveCfg = Release|Any CPU
		{7E6E510B-B663-45F8-BE8D-3B7F6FBC55F8}.Release|ARM.Build.0 = Release|Any CPU
		{7E6E510B-B663-45F8-BE8D-3B7F6FBC55F8}.Release|iPhone.ActiveCfg = Release|Any CPU
		{7E6E510B-B663-45F8-BE8D-3B7F6FBC55F8}.Release|iPhone.Build.0 = Release|Any CPU
		{7E6E510B-B663-45F8-BE8D-3B7F6FBC55F8}.Release|iPhoneSimulator.ActiveCfg = Release|Any CPU
		{7E6E510B-B663-45F8-BE8D-3B7F6FBC55F8}.Release|iPhoneSimulator.Build.0 = Release|Any CPU
		{7E6E510B-B663-45F8-BE8D-3B7F6FBC55F8}.Release|x64.ActiveCfg = Release|Any CPU
		{7E6E510B-B663-45F8-BE8D-3B7F6FBC55F8}.Release|x64.Build.0 = Release|Any CPU
		{7E6E510B-B663-45F8-BE8D-3B7F6FBC55F8}.Release|x86.ActiveCfg = Release|Any CPU
		{7E6E510B-B663-45F8-BE8D-3B7F6FBC55F8}.Release|x86.Build.0 = Release|Any CPU
		{550F226B-610F-45D2-8CD7-5012313FB362}.Debug|Any CPU.ActiveCfg = Debug|Any CPU
		{550F226B-610F-45D2-8CD7-5012313FB362}.Debug|Any CPU.Build.0 = Debug|Any CPU
		{550F226B-610F-45D2-8CD7-5012313FB362}.Debug|ARM.ActiveCfg = Debug|Any CPU
		{550F226B-610F-45D2-8CD7-5012313FB362}.Debug|ARM.Build.0 = Debug|Any CPU
		{550F226B-610F-45D2-8CD7-5012313FB362}.Debug|iPhone.ActiveCfg = Debug|Any CPU
		{550F226B-610F-45D2-8CD7-5012313FB362}.Debug|iPhone.Build.0 = Debug|Any CPU
		{550F226B-610F-45D2-8CD7-5012313FB362}.Debug|iPhoneSimulator.ActiveCfg = Debug|Any CPU
		{550F226B-610F-45D2-8CD7-5012313FB362}.Debug|iPhoneSimulator.Build.0 = Debug|Any CPU
		{550F226B-610F-45D2-8CD7-5012313FB362}.Debug|x64.ActiveCfg = Debug|Any CPU
		{550F226B-610F-45D2-8CD7-5012313FB362}.Debug|x64.Build.0 = Debug|Any CPU
		{550F226B-610F-45D2-8CD7-5012313FB362}.Debug|x86.ActiveCfg = Debug|Any CPU
		{550F226B-610F-45D2-8CD7-5012313FB362}.Debug|x86.Build.0 = Debug|Any CPU
		{550F226B-610F-45D2-8CD7-5012313FB362}.Release|Any CPU.ActiveCfg = Release|Any CPU
		{550F226B-610F-45D2-8CD7-5012313FB362}.Release|Any CPU.Build.0 = Release|Any CPU
		{550F226B-610F-45D2-8CD7-5012313FB362}.Release|ARM.ActiveCfg = Release|Any CPU
		{550F226B-610F-45D2-8CD7-5012313FB362}.Release|ARM.Build.0 = Release|Any CPU
		{550F226B-610F-45D2-8CD7-5012313FB362}.Release|iPhone.ActiveCfg = Release|Any CPU
		{550F226B-610F-45D2-8CD7-5012313FB362}.Release|iPhone.Build.0 = Release|Any CPU
		{550F226B-610F-45D2-8CD7-5012313FB362}.Release|iPhoneSimulator.ActiveCfg = Release|Any CPU
		{550F226B-610F-45D2-8CD7-5012313FB362}.Release|iPhoneSimulator.Build.0 = Release|Any CPU
		{550F226B-610F-45D2-8CD7-5012313FB362}.Release|x64.ActiveCfg = Release|Any CPU
		{550F226B-610F-45D2-8CD7-5012313FB362}.Release|x64.Build.0 = Release|Any CPU
		{550F226B-610F-45D2-8CD7-5012313FB362}.Release|x86.ActiveCfg = Release|Any CPU
		{550F226B-610F-45D2-8CD7-5012313FB362}.Release|x86.Build.0 = Release|Any CPU
		{5C870808-DE2F-433D-A423-A8B26B9597A5}.Debug|Any CPU.ActiveCfg = Debug|Any CPU
		{5C870808-DE2F-433D-A423-A8B26B9597A5}.Debug|Any CPU.Build.0 = Debug|Any CPU
		{5C870808-DE2F-433D-A423-A8B26B9597A5}.Debug|ARM.ActiveCfg = Debug|Any CPU
		{5C870808-DE2F-433D-A423-A8B26B9597A5}.Debug|ARM.Build.0 = Debug|Any CPU
		{5C870808-DE2F-433D-A423-A8B26B9597A5}.Debug|iPhone.ActiveCfg = Debug|Any CPU
		{5C870808-DE2F-433D-A423-A8B26B9597A5}.Debug|iPhone.Build.0 = Debug|Any CPU
		{5C870808-DE2F-433D-A423-A8B26B9597A5}.Debug|iPhoneSimulator.ActiveCfg = Debug|Any CPU
		{5C870808-DE2F-433D-A423-A8B26B9597A5}.Debug|iPhoneSimulator.Build.0 = Debug|Any CPU
		{5C870808-DE2F-433D-A423-A8B26B9597A5}.Debug|x64.ActiveCfg = Debug|Any CPU
		{5C870808-DE2F-433D-A423-A8B26B9597A5}.Debug|x64.Build.0 = Debug|Any CPU
		{5C870808-DE2F-433D-A423-A8B26B9597A5}.Debug|x86.ActiveCfg = Debug|Any CPU
		{5C870808-DE2F-433D-A423-A8B26B9597A5}.Debug|x86.Build.0 = Debug|Any CPU
		{5C870808-DE2F-433D-A423-A8B26B9597A5}.Release|Any CPU.ActiveCfg = Release|Any CPU
		{5C870808-DE2F-433D-A423-A8B26B9597A5}.Release|Any CPU.Build.0 = Release|Any CPU
		{5C870808-DE2F-433D-A423-A8B26B9597A5}.Release|ARM.ActiveCfg = Release|Any CPU
		{5C870808-DE2F-433D-A423-A8B26B9597A5}.Release|ARM.Build.0 = Release|Any CPU
		{5C870808-DE2F-433D-A423-A8B26B9597A5}.Release|iPhone.ActiveCfg = Release|Any CPU
		{5C870808-DE2F-433D-A423-A8B26B9597A5}.Release|iPhone.Build.0 = Release|Any CPU
		{5C870808-DE2F-433D-A423-A8B26B9597A5}.Release|iPhoneSimulator.ActiveCfg = Release|Any CPU
		{5C870808-DE2F-433D-A423-A8B26B9597A5}.Release|iPhoneSimulator.Build.0 = Release|Any CPU
		{5C870808-DE2F-433D-A423-A8B26B9597A5}.Release|x64.ActiveCfg = Release|Any CPU
		{5C870808-DE2F-433D-A423-A8B26B9597A5}.Release|x64.Build.0 = Release|Any CPU
		{5C870808-DE2F-433D-A423-A8B26B9597A5}.Release|x86.ActiveCfg = Release|Any CPU
		{5C870808-DE2F-433D-A423-A8B26B9597A5}.Release|x86.Build.0 = Release|Any CPU
		{30E926E8-0113-4400-9822-E360E47CFF34}.Debug|Any CPU.ActiveCfg = Debug|Any CPU
		{30E926E8-0113-4400-9822-E360E47CFF34}.Debug|Any CPU.Build.0 = Debug|Any CPU
		{30E926E8-0113-4400-9822-E360E47CFF34}.Debug|ARM.ActiveCfg = Debug|Any CPU
		{30E926E8-0113-4400-9822-E360E47CFF34}.Debug|ARM.Build.0 = Debug|Any CPU
		{30E926E8-0113-4400-9822-E360E47CFF34}.Debug|iPhone.ActiveCfg = Debug|Any CPU
		{30E926E8-0113-4400-9822-E360E47CFF34}.Debug|iPhone.Build.0 = Debug|Any CPU
		{30E926E8-0113-4400-9822-E360E47CFF34}.Debug|iPhoneSimulator.ActiveCfg = Debug|Any CPU
		{30E926E8-0113-4400-9822-E360E47CFF34}.Debug|iPhoneSimulator.Build.0 = Debug|Any CPU
		{30E926E8-0113-4400-9822-E360E47CFF34}.Debug|x64.ActiveCfg = Debug|Any CPU
		{30E926E8-0113-4400-9822-E360E47CFF34}.Debug|x64.Build.0 = Debug|Any CPU
		{30E926E8-0113-4400-9822-E360E47CFF34}.Debug|x86.ActiveCfg = Debug|Any CPU
		{30E926E8-0113-4400-9822-E360E47CFF34}.Debug|x86.Build.0 = Debug|Any CPU
		{30E926E8-0113-4400-9822-E360E47CFF34}.Release|Any CPU.ActiveCfg = Release|Any CPU
		{30E926E8-0113-4400-9822-E360E47CFF34}.Release|Any CPU.Build.0 = Release|Any CPU
		{30E926E8-0113-4400-9822-E360E47CFF34}.Release|ARM.ActiveCfg = Release|Any CPU
		{30E926E8-0113-4400-9822-E360E47CFF34}.Release|ARM.Build.0 = Release|Any CPU
		{30E926E8-0113-4400-9822-E360E47CFF34}.Release|iPhone.ActiveCfg = Release|Any CPU
		{30E926E8-0113-4400-9822-E360E47CFF34}.Release|iPhone.Build.0 = Release|Any CPU
		{30E926E8-0113-4400-9822-E360E47CFF34}.Release|iPhoneSimulator.ActiveCfg = Release|Any CPU
		{30E926E8-0113-4400-9822-E360E47CFF34}.Release|iPhoneSimulator.Build.0 = Release|Any CPU
		{30E926E8-0113-4400-9822-E360E47CFF34}.Release|x64.ActiveCfg = Release|Any CPU
		{30E926E8-0113-4400-9822-E360E47CFF34}.Release|x64.Build.0 = Release|Any CPU
		{30E926E8-0113-4400-9822-E360E47CFF34}.Release|x86.ActiveCfg = Release|Any CPU
		{30E926E8-0113-4400-9822-E360E47CFF34}.Release|x86.Build.0 = Release|Any CPU
		{E928C992-2D83-4F7F-BC11-395C75ADC894}.Debug|Any CPU.ActiveCfg = Debug|Any CPU
		{E928C992-2D83-4F7F-BC11-395C75ADC894}.Debug|Any CPU.Build.0 = Debug|Any CPU
		{E928C992-2D83-4F7F-BC11-395C75ADC894}.Debug|ARM.ActiveCfg = Debug|Any CPU
		{E928C992-2D83-4F7F-BC11-395C75ADC894}.Debug|ARM.Build.0 = Debug|Any CPU
		{E928C992-2D83-4F7F-BC11-395C75ADC894}.Debug|iPhone.ActiveCfg = Debug|Any CPU
		{E928C992-2D83-4F7F-BC11-395C75ADC894}.Debug|iPhone.Build.0 = Debug|Any CPU
		{E928C992-2D83-4F7F-BC11-395C75ADC894}.Debug|iPhoneSimulator.ActiveCfg = Debug|Any CPU
		{E928C992-2D83-4F7F-BC11-395C75ADC894}.Debug|iPhoneSimulator.Build.0 = Debug|Any CPU
		{E928C992-2D83-4F7F-BC11-395C75ADC894}.Debug|x64.ActiveCfg = Debug|Any CPU
		{E928C992-2D83-4F7F-BC11-395C75ADC894}.Debug|x64.Build.0 = Debug|Any CPU
		{E928C992-2D83-4F7F-BC11-395C75ADC894}.Debug|x86.ActiveCfg = Debug|Any CPU
		{E928C992-2D83-4F7F-BC11-395C75ADC894}.Debug|x86.Build.0 = Debug|Any CPU
		{E928C992-2D83-4F7F-BC11-395C75ADC894}.Release|Any CPU.ActiveCfg = Release|Any CPU
		{E928C992-2D83-4F7F-BC11-395C75ADC894}.Release|Any CPU.Build.0 = Release|Any CPU
		{E928C992-2D83-4F7F-BC11-395C75ADC894}.Release|ARM.ActiveCfg = Release|Any CPU
		{E928C992-2D83-4F7F-BC11-395C75ADC894}.Release|ARM.Build.0 = Release|Any CPU
		{E928C992-2D83-4F7F-BC11-395C75ADC894}.Release|iPhone.ActiveCfg = Release|Any CPU
		{E928C992-2D83-4F7F-BC11-395C75ADC894}.Release|iPhone.Build.0 = Release|Any CPU
		{E928C992-2D83-4F7F-BC11-395C75ADC894}.Release|iPhoneSimulator.ActiveCfg = Release|Any CPU
		{E928C992-2D83-4F7F-BC11-395C75ADC894}.Release|iPhoneSimulator.Build.0 = Release|Any CPU
		{E928C992-2D83-4F7F-BC11-395C75ADC894}.Release|x64.ActiveCfg = Release|Any CPU
		{E928C992-2D83-4F7F-BC11-395C75ADC894}.Release|x64.Build.0 = Release|Any CPU
		{E928C992-2D83-4F7F-BC11-395C75ADC894}.Release|x86.ActiveCfg = Release|Any CPU
		{E928C992-2D83-4F7F-BC11-395C75ADC894}.Release|x86.Build.0 = Release|Any CPU
	EndGlobalSection
	GlobalSection(SolutionProperties) = preSolution
		HideSolutionNode = FALSE
	EndGlobalSection
	GlobalSection(NestedProjects) = preSolution
		{E5802ED3-A69A-49C0-B797-886D3D051D17} = {01785374-9D29-481F-BAD4-E2137CAC8057}
		{6DA15DA4-C47A-4496-A73F-0868BCCF9B76} = {9CF1BE73-6CB1-4EDB-9A3D-A4BF5335EE4F}
		{A2B9EC05-8836-43FE-A619-E34578DD920D} = {01785374-9D29-481F-BAD4-E2137CAC8057}
		{7E6E510B-B663-45F8-BE8D-3B7F6FBC55F8} = {E4371F2D-DF58-40B7-B2BB-858825004935}
		{550F226B-610F-45D2-8CD7-5012313FB362} = {01785374-9D29-481F-BAD4-E2137CAC8057}
		{5C870808-DE2F-433D-A423-A8B26B9597A5} = {BA763D78-4D84-4FC0-BF6D-AA811E0DF2D2}
		{30E926E8-0113-4400-9822-E360E47CFF34} = {E4371F2D-DF58-40B7-B2BB-858825004935}
		{E928C992-2D83-4F7F-BC11-395C75ADC894} = {01785374-9D29-481F-BAD4-E2137CAC8057}
	EndGlobalSection
	GlobalSection(ExtensibilityGlobals) = postSolution
		SolutionGuid = {A0ACEE4A-2985-4B4A-BD25-73DB7B8102AC}
	EndGlobalSection
	GlobalSection(MonoDevelopProperties) = preSolution
		version = 2.2.5
		outputpath = Bin
		Policies = $0
		$0.DotNetNamingPolicy = $1
		$1.DirectoryNamespaceAssociation = PrefixedHierarchical
		$0.TextStylePolicy = $2
		$2.inheritsSet = null
		$2.scope = text/x-csharp
		$0.CSharpFormattingPolicy = $3
		$3.scope = text/x-csharp
		$0.VersionControlPolicy = $4
		$0.StandardHeader = $5
	EndGlobalSection
EndGlobal
