Microsoft Visual Studio Solution File, Format Version 12.00
# Visual Studio Version 16
VisualStudioVersion = 16.0.29424.173
MinimumVisualStudioVersion = 10.0.40219.1
Project("{2150E333-8FDC-42A3-9474-1A3956D46DE8}") = "Solution Items", "Solution Items", "{059D5105-D00F-46EE-8EBF-F606F0010F57}"
	ProjectSection(SolutionItems) = preProject
		Readme.md = Readme.md
	EndProjectSection
EndProject
Project("{2150E333-8FDC-42A3-9474-1A3956D46DE8}") = "Client", "Client", "{9CF1BE73-6CB1-4EDB-9A3D-A4BF5335EE4F}"
EndProject
Project("{2150E333-8FDC-42A3-9474-1A3956D46DE8}") = "Core", "Core", "{01785374-9D29-481F-BAD4-E2137CAC8057}"
EndProject
Project("{9A19103F-16F7-4668-BE54-9A1E7A4F7556}") = "Core", "Core\Lyra.Core\Core.csproj", "{E5802ED3-A69A-49C0-B797-886D3D051D17}"
EndProject
Project("{9A19103F-16F7-4668-BE54-9A1E7A4F7556}") = "Client.CLI", "Client\Lyra.Client.CLI\Client.CLI.csproj", "{6DA15DA4-C47A-4496-A73F-0868BCCF9B76}"
EndProject
Project("{9A19103F-16F7-4668-BE54-9A1E7A4F7556}") = "Noded", "Core\Lyra.Node2\Noded.csproj", "{A2B9EC05-8836-43FE-A619-E34578DD920D}"
EndProject
Project("{9A19103F-16F7-4668-BE54-9A1E7A4F7556}") = "Wallet", "Client\LyraWallet\Wallet.csproj", "{DCF0E624-2C0D-4908-BFBA-D55DC3523781}"
EndProject
Project("{FAE04EC0-301F-11D3-BF4B-00C04F79EFBC}") = "Wallet.Android", "Client\LyraWallet.Android\Wallet.Android.csproj", "{3BA640B8-A0C1-4496-9077-F6E3F1A71145}"
EndProject
Project("{FAE04EC0-301F-11D3-BF4B-00C04F79EFBC}") = "Wallet.iOS", "Client\LyraWallet.iOS\Wallet.iOS.csproj", "{664F238D-4109-492B-9AED-B14BE4C9AE75}"
EndProject
Project("{9A19103F-16F7-4668-BE54-9A1E7A4F7556}") = "CommandLine", "Client\CommandLine\CommandLine.csproj", "{2E028B7C-CF6E-4577-8961-97B18E0D25CB}"
EndProject
Project("{2150E333-8FDC-42A3-9474-1A3956D46DE8}") = "Tests", "Tests", "{BA763D78-4D84-4FC0-BF6D-AA811E0DF2D2}"
EndProject
Project("{9A19103F-16F7-4668-BE54-9A1E7A4F7556}") = "Client.Lib", "Client\Lyra.Client.Lib\Client.Lib.csproj", "{1B200318-3EAB-4D3E-AA4E-4E2803DAB0E1}"
EndProject
Project("{FAE04EC0-301F-11D3-BF4B-00C04F79EFBC}") = "Wallet.UWP", "Client\LyraWallet.UWP\Wallet.UWP.csproj", "{DDDF8099-63B8-4332-9006-EA11E15F62FE}"
EndProject
Project("{2150E333-8FDC-42A3-9474-1A3956D46DE8}") = "Utils", "Utils", "{E4371F2D-DF58-40B7-B2BB-858825004935}"
EndProject
Project("{9A19103F-16F7-4668-BE54-9A1E7A4F7556}") = "Bot", "Utils\LyraNodesBot\Bot.csproj", "{E4F657B0-776B-4852-BCDE-619DAB8C8317}"
EndProject
Project("{9A19103F-16F7-4668-BE54-9A1E7A4F7556}") = "Friday", "Utils\Friday\Friday.csproj", "{7E6E510B-B663-45F8-BE8D-3B7F6FBC55F8}"
EndProject
Project("{9A19103F-16F7-4668-BE54-9A1E7A4F7556}") = "AutoSender", "Utils\AutoSender\AutoSender.csproj", "{2E20A44D-1CA5-4CB2-8350-0454F9F59EA5}"
EndProject
Project("{9A19103F-16F7-4668-BE54-9A1E7A4F7556}") = "Shared", "Core\Lyra.Shared\Shared.csproj", "{550F226B-610F-45D2-8CD7-5012313FB362}"
EndProject
Global
	GlobalSection(SolutionConfigurationPlatforms) = preSolution
		Debug|Any CPU = Debug|Any CPU
		Debug|ARM = Debug|ARM
		Debug|iPhone = Debug|iPhone
		Debug|iPhoneSimulator = Debug|iPhoneSimulator
		Debug|x64 = Debug|x64
		Debug|x86 = Debug|x86
		Release|Any CPU = Release|Any CPU
		Release|ARM = Release|ARM
		Release|iPhone = Release|iPhone
		Release|iPhoneSimulator = Release|iPhoneSimulator
		Release|x64 = Release|x64
		Release|x86 = Release|x86
	EndGlobalSection
	GlobalSection(ProjectConfigurationPlatforms) = postSolution
		{E5802ED3-A69A-49C0-B797-886D3D051D17}.Debug|Any CPU.ActiveCfg = Debug|Any CPU
		{E5802ED3-A69A-49C0-B797-886D3D051D17}.Debug|Any CPU.Build.0 = Debug|Any CPU
		{E5802ED3-A69A-49C0-B797-886D3D051D17}.Debug|ARM.ActiveCfg = Debug|Any CPU
		{E5802ED3-A69A-49C0-B797-886D3D051D17}.Debug|ARM.Build.0 = Debug|Any CPU
		{E5802ED3-A69A-49C0-B797-886D3D051D17}.Debug|iPhone.ActiveCfg = Debug|Any CPU
		{E5802ED3-A69A-49C0-B797-886D3D051D17}.Debug|iPhone.Build.0 = Debug|Any CPU
		{E5802ED3-A69A-49C0-B797-886D3D051D17}.Debug|iPhoneSimulator.ActiveCfg = Debug|Any CPU
		{E5802ED3-A69A-49C0-B797-886D3D051D17}.Debug|iPhoneSimulator.Build.0 = Debug|Any CPU
		{E5802ED3-A69A-49C0-B797-886D3D051D17}.Debug|x64.ActiveCfg = Debug|Any CPU
		{E5802ED3-A69A-49C0-B797-886D3D051D17}.Debug|x64.Build.0 = Debug|Any CPU
		{E5802ED3-A69A-49C0-B797-886D3D051D17}.Debug|x86.ActiveCfg = Debug|Any CPU
		{E5802ED3-A69A-49C0-B797-886D3D051D17}.Debug|x86.Build.0 = Debug|Any CPU
		{E5802ED3-A69A-49C0-B797-886D3D051D17}.Release|Any CPU.ActiveCfg = Release|Any CPU
		{E5802ED3-A69A-49C0-B797-886D3D051D17}.Release|Any CPU.Build.0 = Release|Any CPU
		{E5802ED3-A69A-49C0-B797-886D3D051D17}.Release|ARM.ActiveCfg = Release|Any CPU
		{E5802ED3-A69A-49C0-B797-886D3D051D17}.Release|ARM.Build.0 = Release|Any CPU
		{E5802ED3-A69A-49C0-B797-886D3D051D17}.Release|iPhone.ActiveCfg = Release|Any CPU
		{E5802ED3-A69A-49C0-B797-886D3D051D17}.Release|iPhone.Build.0 = Release|Any CPU
		{E5802ED3-A69A-49C0-B797-886D3D051D17}.Release|iPhoneSimulator.ActiveCfg = Release|Any CPU
		{E5802ED3-A69A-49C0-B797-886D3D051D17}.Release|iPhoneSimulator.Build.0 = Release|Any CPU
		{E5802ED3-A69A-49C0-B797-886D3D051D17}.Release|x64.ActiveCfg = Release|Any CPU
		{E5802ED3-A69A-49C0-B797-886D3D051D17}.Release|x64.Build.0 = Release|Any CPU
		{E5802ED3-A69A-49C0-B797-886D3D051D17}.Release|x86.ActiveCfg = Release|Any CPU
		{E5802ED3-A69A-49C0-B797-886D3D051D17}.Release|x86.Build.0 = Release|Any CPU
		{6DA15DA4-C47A-4496-A73F-0868BCCF9B76}.Debug|Any CPU.ActiveCfg = Debug|Any CPU
		{6DA15DA4-C47A-4496-A73F-0868BCCF9B76}.Debug|Any CPU.Build.0 = Debug|Any CPU
		{6DA15DA4-C47A-4496-A73F-0868BCCF9B76}.Debug|ARM.ActiveCfg = Debug|Any CPU
		{6DA15DA4-C47A-4496-A73F-0868BCCF9B76}.Debug|ARM.Build.0 = Debug|Any CPU
		{6DA15DA4-C47A-4496-A73F-0868BCCF9B76}.Debug|iPhone.ActiveCfg = Debug|Any CPU
		{6DA15DA4-C47A-4496-A73F-0868BCCF9B76}.Debug|iPhone.Build.0 = Debug|Any CPU
		{6DA15DA4-C47A-4496-A73F-0868BCCF9B76}.Debug|iPhoneSimulator.ActiveCfg = Debug|Any CPU
		{6DA15DA4-C47A-4496-A73F-0868BCCF9B76}.Debug|iPhoneSimulator.Build.0 = Debug|Any CPU
		{6DA15DA4-C47A-4496-A73F-0868BCCF9B76}.Debug|x64.ActiveCfg = Debug|Any CPU
		{6DA15DA4-C47A-4496-A73F-0868BCCF9B76}.Debug|x64.Build.0 = Debug|Any CPU
		{6DA15DA4-C47A-4496-A73F-0868BCCF9B76}.Debug|x86.ActiveCfg = Debug|Any CPU
		{6DA15DA4-C47A-4496-A73F-0868BCCF9B76}.Debug|x86.Build.0 = Debug|Any CPU
		{6DA15DA4-C47A-4496-A73F-0868BCCF9B76}.Release|Any CPU.ActiveCfg = Release|Any CPU
		{6DA15DA4-C47A-4496-A73F-0868BCCF9B76}.Release|Any CPU.Build.0 = Release|Any CPU
		{6DA15DA4-C47A-4496-A73F-0868BCCF9B76}.Release|ARM.ActiveCfg = Release|Any CPU
		{6DA15DA4-C47A-4496-A73F-0868BCCF9B76}.Release|ARM.Build.0 = Release|Any CPU
		{6DA15DA4-C47A-4496-A73F-0868BCCF9B76}.Release|iPhone.ActiveCfg = Release|Any CPU
		{6DA15DA4-C47A-4496-A73F-0868BCCF9B76}.Release|iPhone.Build.0 = Release|Any CPU
		{6DA15DA4-C47A-4496-A73F-0868BCCF9B76}.Release|iPhoneSimulator.ActiveCfg = Release|Any CPU
		{6DA15DA4-C47A-4496-A73F-0868BCCF9B76}.Release|iPhoneSimulator.Build.0 = Release|Any CPU
		{6DA15DA4-C47A-4496-A73F-0868BCCF9B76}.Release|x64.ActiveCfg = Release|Any CPU
		{6DA15DA4-C47A-4496-A73F-0868BCCF9B76}.Release|x64.Build.0 = Release|Any CPU
		{6DA15DA4-C47A-4496-A73F-0868BCCF9B76}.Release|x86.ActiveCfg = Release|Any CPU
		{6DA15DA4-C47A-4496-A73F-0868BCCF9B76}.Release|x86.Build.0 = Release|Any CPU
		{A2B9EC05-8836-43FE-A619-E34578DD920D}.Debug|Any CPU.ActiveCfg = Debug|Any CPU
		{A2B9EC05-8836-43FE-A619-E34578DD920D}.Debug|Any CPU.Build.0 = Debug|Any CPU
		{A2B9EC05-8836-43FE-A619-E34578DD920D}.Debug|ARM.ActiveCfg = Debug|Any CPU
		{A2B9EC05-8836-43FE-A619-E34578DD920D}.Debug|ARM.Build.0 = Debug|Any CPU
		{A2B9EC05-8836-43FE-A619-E34578DD920D}.Debug|iPhone.ActiveCfg = Debug|Any CPU
		{A2B9EC05-8836-43FE-A619-E34578DD920D}.Debug|iPhone.Build.0 = Debug|Any CPU
		{A2B9EC05-8836-43FE-A619-E34578DD920D}.Debug|iPhoneSimulator.ActiveCfg = Debug|Any CPU
		{A2B9EC05-8836-43FE-A619-E34578DD920D}.Debug|iPhoneSimulator.Build.0 = Debug|Any CPU
		{A2B9EC05-8836-43FE-A619-E34578DD920D}.Debug|x64.ActiveCfg = Debug|Any CPU
		{A2B9EC05-8836-43FE-A619-E34578DD920D}.Debug|x64.Build.0 = Debug|Any CPU
		{A2B9EC05-8836-43FE-A619-E34578DD920D}.Debug|x86.ActiveCfg = Debug|Any CPU
		{A2B9EC05-8836-43FE-A619-E34578DD920D}.Debug|x86.Build.0 = Debug|Any CPU
		{A2B9EC05-8836-43FE-A619-E34578DD920D}.Release|Any CPU.ActiveCfg = Release|Any CPU
		{A2B9EC05-8836-43FE-A619-E34578DD920D}.Release|Any CPU.Build.0 = Release|Any CPU
		{A2B9EC05-8836-43FE-A619-E34578DD920D}.Release|ARM.ActiveCfg = Release|Any CPU
		{A2B9EC05-8836-43FE-A619-E34578DD920D}.Release|ARM.Build.0 = Release|Any CPU
		{A2B9EC05-8836-43FE-A619-E34578DD920D}.Release|iPhone.ActiveCfg = Release|Any CPU
		{A2B9EC05-8836-43FE-A619-E34578DD920D}.Release|iPhone.Build.0 = Release|Any CPU
		{A2B9EC05-8836-43FE-A619-E34578DD920D}.Release|iPhoneSimulator.ActiveCfg = Release|Any CPU
		{A2B9EC05-8836-43FE-A619-E34578DD920D}.Release|iPhoneSimulator.Build.0 = Release|Any CPU
		{A2B9EC05-8836-43FE-A619-E34578DD920D}.Release|x64.ActiveCfg = Release|Any CPU
		{A2B9EC05-8836-43FE-A619-E34578DD920D}.Release|x64.Build.0 = Release|Any CPU
		{A2B9EC05-8836-43FE-A619-E34578DD920D}.Release|x86.ActiveCfg = Release|Any CPU
		{A2B9EC05-8836-43FE-A619-E34578DD920D}.Release|x86.Build.0 = Release|Any CPU
		{DCF0E624-2C0D-4908-BFBA-D55DC3523781}.Debug|Any CPU.ActiveCfg = Debug|Any CPU
		{DCF0E624-2C0D-4908-BFBA-D55DC3523781}.Debug|Any CPU.Build.0 = Debug|Any CPU
		{DCF0E624-2C0D-4908-BFBA-D55DC3523781}.Debug|ARM.ActiveCfg = Debug|Any CPU
		{DCF0E624-2C0D-4908-BFBA-D55DC3523781}.Debug|ARM.Build.0 = Debug|Any CPU
		{DCF0E624-2C0D-4908-BFBA-D55DC3523781}.Debug|iPhone.ActiveCfg = Debug|Any CPU
		{DCF0E624-2C0D-4908-BFBA-D55DC3523781}.Debug|iPhone.Build.0 = Debug|Any CPU
		{DCF0E624-2C0D-4908-BFBA-D55DC3523781}.Debug|iPhoneSimulator.ActiveCfg = Debug|Any CPU
		{DCF0E624-2C0D-4908-BFBA-D55DC3523781}.Debug|iPhoneSimulator.Build.0 = Debug|Any CPU
		{DCF0E624-2C0D-4908-BFBA-D55DC3523781}.Debug|x64.ActiveCfg = Debug|Any CPU
		{DCF0E624-2C0D-4908-BFBA-D55DC3523781}.Debug|x64.Build.0 = Debug|Any CPU
		{DCF0E624-2C0D-4908-BFBA-D55DC3523781}.Debug|x86.ActiveCfg = Debug|Any CPU
		{DCF0E624-2C0D-4908-BFBA-D55DC3523781}.Debug|x86.Build.0 = Debug|Any CPU
		{DCF0E624-2C0D-4908-BFBA-D55DC3523781}.Release|Any CPU.ActiveCfg = Release|Any CPU
		{DCF0E624-2C0D-4908-BFBA-D55DC3523781}.Release|Any CPU.Build.0 = Release|Any CPU
		{DCF0E624-2C0D-4908-BFBA-D55DC3523781}.Release|ARM.ActiveCfg = Release|Any CPU
		{DCF0E624-2C0D-4908-BFBA-D55DC3523781}.Release|ARM.Build.0 = Release|Any CPU
		{DCF0E624-2C0D-4908-BFBA-D55DC3523781}.Release|iPhone.ActiveCfg = Release|Any CPU
		{DCF0E624-2C0D-4908-BFBA-D55DC3523781}.Release|iPhone.Build.0 = Release|Any CPU
		{DCF0E624-2C0D-4908-BFBA-D55DC3523781}.Release|iPhoneSimulator.ActiveCfg = Release|Any CPU
		{DCF0E624-2C0D-4908-BFBA-D55DC3523781}.Release|iPhoneSimulator.Build.0 = Release|Any CPU
		{DCF0E624-2C0D-4908-BFBA-D55DC3523781}.Release|x64.ActiveCfg = Release|Any CPU
		{DCF0E624-2C0D-4908-BFBA-D55DC3523781}.Release|x64.Build.0 = Release|Any CPU
		{DCF0E624-2C0D-4908-BFBA-D55DC3523781}.Release|x86.ActiveCfg = Release|Any CPU
		{DCF0E624-2C0D-4908-BFBA-D55DC3523781}.Release|x86.Build.0 = Release|Any CPU
		{3BA640B8-A0C1-4496-9077-F6E3F1A71145}.Debug|Any CPU.ActiveCfg = Debug|Any CPU
		{3BA640B8-A0C1-4496-9077-F6E3F1A71145}.Debug|Any CPU.Build.0 = Debug|Any CPU
		{3BA640B8-A0C1-4496-9077-F6E3F1A71145}.Debug|Any CPU.Deploy.0 = Debug|Any CPU
		{3BA640B8-A0C1-4496-9077-F6E3F1A71145}.Debug|ARM.ActiveCfg = Debug|Any CPU
		{3BA640B8-A0C1-4496-9077-F6E3F1A71145}.Debug|ARM.Build.0 = Debug|Any CPU
		{3BA640B8-A0C1-4496-9077-F6E3F1A71145}.Debug|ARM.Deploy.0 = Debug|Any CPU
		{3BA640B8-A0C1-4496-9077-F6E3F1A71145}.Debug|iPhone.ActiveCfg = Debug|Any CPU
		{3BA640B8-A0C1-4496-9077-F6E3F1A71145}.Debug|iPhone.Build.0 = Debug|Any CPU
		{3BA640B8-A0C1-4496-9077-F6E3F1A71145}.Debug|iPhone.Deploy.0 = Debug|Any CPU
		{3BA640B8-A0C1-4496-9077-F6E3F1A71145}.Debug|iPhoneSimulator.ActiveCfg = Debug|Any CPU
		{3BA640B8-A0C1-4496-9077-F6E3F1A71145}.Debug|iPhoneSimulator.Build.0 = Debug|Any CPU
		{3BA640B8-A0C1-4496-9077-F6E3F1A71145}.Debug|iPhoneSimulator.Deploy.0 = Debug|Any CPU
		{3BA640B8-A0C1-4496-9077-F6E3F1A71145}.Debug|x64.ActiveCfg = Debug|Any CPU
		{3BA640B8-A0C1-4496-9077-F6E3F1A71145}.Debug|x64.Build.0 = Debug|Any CPU
		{3BA640B8-A0C1-4496-9077-F6E3F1A71145}.Debug|x64.Deploy.0 = Debug|Any CPU
		{3BA640B8-A0C1-4496-9077-F6E3F1A71145}.Debug|x86.ActiveCfg = Debug|Any CPU
		{3BA640B8-A0C1-4496-9077-F6E3F1A71145}.Debug|x86.Build.0 = Debug|Any CPU
		{3BA640B8-A0C1-4496-9077-F6E3F1A71145}.Debug|x86.Deploy.0 = Debug|Any CPU
		{3BA640B8-A0C1-4496-9077-F6E3F1A71145}.Release|Any CPU.ActiveCfg = Release|Any CPU
		{3BA640B8-A0C1-4496-9077-F6E3F1A71145}.Release|Any CPU.Build.0 = Release|Any CPU
		{3BA640B8-A0C1-4496-9077-F6E3F1A71145}.Release|Any CPU.Deploy.0 = Release|Any CPU
		{3BA640B8-A0C1-4496-9077-F6E3F1A71145}.Release|ARM.ActiveCfg = Release|Any CPU
		{3BA640B8-A0C1-4496-9077-F6E3F1A71145}.Release|ARM.Build.0 = Release|Any CPU
		{3BA640B8-A0C1-4496-9077-F6E3F1A71145}.Release|ARM.Deploy.0 = Release|Any CPU
		{3BA640B8-A0C1-4496-9077-F6E3F1A71145}.Release|iPhone.ActiveCfg = Release|Any CPU
		{3BA640B8-A0C1-4496-9077-F6E3F1A71145}.Release|iPhone.Build.0 = Release|Any CPU
		{3BA640B8-A0C1-4496-9077-F6E3F1A71145}.Release|iPhone.Deploy.0 = Release|Any CPU
		{3BA640B8-A0C1-4496-9077-F6E3F1A71145}.Release|iPhoneSimulator.ActiveCfg = Release|Any CPU
		{3BA640B8-A0C1-4496-9077-F6E3F1A71145}.Release|iPhoneSimulator.Build.0 = Release|Any CPU
		{3BA640B8-A0C1-4496-9077-F6E3F1A71145}.Release|iPhoneSimulator.Deploy.0 = Release|Any CPU
		{3BA640B8-A0C1-4496-9077-F6E3F1A71145}.Release|x64.ActiveCfg = Release|Any CPU
		{3BA640B8-A0C1-4496-9077-F6E3F1A71145}.Release|x64.Build.0 = Release|Any CPU
		{3BA640B8-A0C1-4496-9077-F6E3F1A71145}.Release|x64.Deploy.0 = Release|Any CPU
		{3BA640B8-A0C1-4496-9077-F6E3F1A71145}.Release|x86.ActiveCfg = Release|Any CPU
		{3BA640B8-A0C1-4496-9077-F6E3F1A71145}.Release|x86.Build.0 = Release|Any CPU
		{3BA640B8-A0C1-4496-9077-F6E3F1A71145}.Release|x86.Deploy.0 = Release|Any CPU
		{664F238D-4109-492B-9AED-B14BE4C9AE75}.Debug|Any CPU.ActiveCfg = Debug|iPhoneSimulator
		{664F238D-4109-492B-9AED-B14BE4C9AE75}.Debug|Any CPU.Build.0 = Debug|iPhoneSimulator
		{664F238D-4109-492B-9AED-B14BE4C9AE75}.Debug|ARM.ActiveCfg = Debug|iPhone
		{664F238D-4109-492B-9AED-B14BE4C9AE75}.Debug|iPhone.ActiveCfg = Debug|iPhone
		{664F238D-4109-492B-9AED-B14BE4C9AE75}.Debug|iPhone.Build.0 = Debug|iPhone
		{664F238D-4109-492B-9AED-B14BE4C9AE75}.Debug|iPhoneSimulator.ActiveCfg = Debug|iPhoneSimulator
		{664F238D-4109-492B-9AED-B14BE4C9AE75}.Debug|iPhoneSimulator.Build.0 = Debug|iPhoneSimulator
		{664F238D-4109-492B-9AED-B14BE4C9AE75}.Debug|x64.ActiveCfg = Debug|iPhone
		{664F238D-4109-492B-9AED-B14BE4C9AE75}.Debug|x86.ActiveCfg = Debug|iPhone
		{664F238D-4109-492B-9AED-B14BE4C9AE75}.Release|Any CPU.ActiveCfg = Release|iPhone
		{664F238D-4109-492B-9AED-B14BE4C9AE75}.Release|ARM.ActiveCfg = Release|iPhoneSimulator
		{664F238D-4109-492B-9AED-B14BE4C9AE75}.Release|iPhone.ActiveCfg = Release|iPhone
		{664F238D-4109-492B-9AED-B14BE4C9AE75}.Release|iPhone.Build.0 = Release|iPhone
		{664F238D-4109-492B-9AED-B14BE4C9AE75}.Release|iPhoneSimulator.ActiveCfg = Release|iPhoneSimulator
		{664F238D-4109-492B-9AED-B14BE4C9AE75}.Release|iPhoneSimulator.Build.0 = Release|iPhoneSimulator
		{664F238D-4109-492B-9AED-B14BE4C9AE75}.Release|x64.ActiveCfg = Release|iPhoneSimulator
		{664F238D-4109-492B-9AED-B14BE4C9AE75}.Release|x86.ActiveCfg = Release|iPhoneSimulator
		{2E028B7C-CF6E-4577-8961-97B18E0D25CB}.Debug|Any CPU.ActiveCfg = Debug|Any CPU
		{2E028B7C-CF6E-4577-8961-97B18E0D25CB}.Debug|Any CPU.Build.0 = Debug|Any CPU
		{2E028B7C-CF6E-4577-8961-97B18E0D25CB}.Debug|ARM.ActiveCfg = Debug|Any CPU
		{2E028B7C-CF6E-4577-8961-97B18E0D25CB}.Debug|ARM.Build.0 = Debug|Any CPU
		{2E028B7C-CF6E-4577-8961-97B18E0D25CB}.Debug|iPhone.ActiveCfg = Debug|Any CPU
		{2E028B7C-CF6E-4577-8961-97B18E0D25CB}.Debug|iPhone.Build.0 = Debug|Any CPU
		{2E028B7C-CF6E-4577-8961-97B18E0D25CB}.Debug|iPhoneSimulator.ActiveCfg = Debug|Any CPU
		{2E028B7C-CF6E-4577-8961-97B18E0D25CB}.Debug|iPhoneSimulator.Build.0 = Debug|Any CPU
		{2E028B7C-CF6E-4577-8961-97B18E0D25CB}.Debug|x64.ActiveCfg = Debug|Any CPU
		{2E028B7C-CF6E-4577-8961-97B18E0D25CB}.Debug|x64.Build.0 = Debug|Any CPU
		{2E028B7C-CF6E-4577-8961-97B18E0D25CB}.Debug|x86.ActiveCfg = Debug|Any CPU
		{2E028B7C-CF6E-4577-8961-97B18E0D25CB}.Debug|x86.Build.0 = Debug|Any CPU
		{2E028B7C-CF6E-4577-8961-97B18E0D25CB}.Release|Any CPU.ActiveCfg = Release|Any CPU
		{2E028B7C-CF6E-4577-8961-97B18E0D25CB}.Release|Any CPU.Build.0 = Release|Any CPU
		{2E028B7C-CF6E-4577-8961-97B18E0D25CB}.Release|ARM.ActiveCfg = Release|Any CPU
		{2E028B7C-CF6E-4577-8961-97B18E0D25CB}.Release|ARM.Build.0 = Release|Any CPU
		{2E028B7C-CF6E-4577-8961-97B18E0D25CB}.Release|iPhone.ActiveCfg = Release|Any CPU
		{2E028B7C-CF6E-4577-8961-97B18E0D25CB}.Release|iPhone.Build.0 = Release|Any CPU
		{2E028B7C-CF6E-4577-8961-97B18E0D25CB}.Release|iPhoneSimulator.ActiveCfg = Release|Any CPU
		{2E028B7C-CF6E-4577-8961-97B18E0D25CB}.Release|iPhoneSimulator.Build.0 = Release|Any CPU
		{2E028B7C-CF6E-4577-8961-97B18E0D25CB}.Release|x64.ActiveCfg = Release|Any CPU
		{2E028B7C-CF6E-4577-8961-97B18E0D25CB}.Release|x64.Build.0 = Release|Any CPU
		{2E028B7C-CF6E-4577-8961-97B18E0D25CB}.Release|x86.ActiveCfg = Release|Any CPU
		{2E028B7C-CF6E-4577-8961-97B18E0D25CB}.Release|x86.Build.0 = Release|Any CPU
		{1B200318-3EAB-4D3E-AA4E-4E2803DAB0E1}.Debug|Any CPU.ActiveCfg = Debug|Any CPU
		{1B200318-3EAB-4D3E-AA4E-4E2803DAB0E1}.Debug|Any CPU.Build.0 = Debug|Any CPU
		{1B200318-3EAB-4D3E-AA4E-4E2803DAB0E1}.Debug|ARM.ActiveCfg = Debug|Any CPU
		{1B200318-3EAB-4D3E-AA4E-4E2803DAB0E1}.Debug|ARM.Build.0 = Debug|Any CPU
		{1B200318-3EAB-4D3E-AA4E-4E2803DAB0E1}.Debug|iPhone.ActiveCfg = Debug|Any CPU
		{1B200318-3EAB-4D3E-AA4E-4E2803DAB0E1}.Debug|iPhone.Build.0 = Debug|Any CPU
		{1B200318-3EAB-4D3E-AA4E-4E2803DAB0E1}.Debug|iPhoneSimulator.ActiveCfg = Debug|Any CPU
		{1B200318-3EAB-4D3E-AA4E-4E2803DAB0E1}.Debug|iPhoneSimulator.Build.0 = Debug|Any CPU
		{1B200318-3EAB-4D3E-AA4E-4E2803DAB0E1}.Debug|x64.ActiveCfg = Debug|Any CPU
		{1B200318-3EAB-4D3E-AA4E-4E2803DAB0E1}.Debug|x64.Build.0 = Debug|Any CPU
		{1B200318-3EAB-4D3E-AA4E-4E2803DAB0E1}.Debug|x86.ActiveCfg = Debug|Any CPU
		{1B200318-3EAB-4D3E-AA4E-4E2803DAB0E1}.Debug|x86.Build.0 = Debug|Any CPU
		{1B200318-3EAB-4D3E-AA4E-4E2803DAB0E1}.Release|Any CPU.ActiveCfg = Release|Any CPU
		{1B200318-3EAB-4D3E-AA4E-4E2803DAB0E1}.Release|Any CPU.Build.0 = Release|Any CPU
		{1B200318-3EAB-4D3E-AA4E-4E2803DAB0E1}.Release|ARM.ActiveCfg = Release|Any CPU
		{1B200318-3EAB-4D3E-AA4E-4E2803DAB0E1}.Release|ARM.Build.0 = Release|Any CPU
		{1B200318-3EAB-4D3E-AA4E-4E2803DAB0E1}.Release|iPhone.ActiveCfg = Release|Any CPU
		{1B200318-3EAB-4D3E-AA4E-4E2803DAB0E1}.Release|iPhone.Build.0 = Release|Any CPU
		{1B200318-3EAB-4D3E-AA4E-4E2803DAB0E1}.Release|iPhoneSimulator.ActiveCfg = Release|Any CPU
		{1B200318-3EAB-4D3E-AA4E-4E2803DAB0E1}.Release|iPhoneSimulator.Build.0 = Release|Any CPU
		{1B200318-3EAB-4D3E-AA4E-4E2803DAB0E1}.Release|x64.ActiveCfg = Release|Any CPU
		{1B200318-3EAB-4D3E-AA4E-4E2803DAB0E1}.Release|x64.Build.0 = Release|Any CPU
		{1B200318-3EAB-4D3E-AA4E-4E2803DAB0E1}.Release|x86.ActiveCfg = Release|Any CPU
		{1B200318-3EAB-4D3E-AA4E-4E2803DAB0E1}.Release|x86.Build.0 = Release|Any CPU
		{DDDF8099-63B8-4332-9006-EA11E15F62FE}.Debug|Any CPU.ActiveCfg = Debug|x86
		{DDDF8099-63B8-4332-9006-EA11E15F62FE}.Debug|Any CPU.Build.0 = Debug|x86
		{DDDF8099-63B8-4332-9006-EA11E15F62FE}.Debug|Any CPU.Deploy.0 = Debug|x86
		{DDDF8099-63B8-4332-9006-EA11E15F62FE}.Debug|ARM.ActiveCfg = Debug|ARM
		{DDDF8099-63B8-4332-9006-EA11E15F62FE}.Debug|ARM.Build.0 = Debug|ARM
		{DDDF8099-63B8-4332-9006-EA11E15F62FE}.Debug|ARM.Deploy.0 = Debug|ARM
		{DDDF8099-63B8-4332-9006-EA11E15F62FE}.Debug|iPhone.ActiveCfg = Debug|x86
		{DDDF8099-63B8-4332-9006-EA11E15F62FE}.Debug|iPhoneSimulator.ActiveCfg = Debug|x86
		{DDDF8099-63B8-4332-9006-EA11E15F62FE}.Debug|x64.ActiveCfg = Debug|x64
		{DDDF8099-63B8-4332-9006-EA11E15F62FE}.Debug|x64.Build.0 = Debug|x64
		{DDDF8099-63B8-4332-9006-EA11E15F62FE}.Debug|x64.Deploy.0 = Debug|x64
		{DDDF8099-63B8-4332-9006-EA11E15F62FE}.Debug|x86.ActiveCfg = Debug|x86
		{DDDF8099-63B8-4332-9006-EA11E15F62FE}.Debug|x86.Build.0 = Debug|x86
		{DDDF8099-63B8-4332-9006-EA11E15F62FE}.Debug|x86.Deploy.0 = Debug|x86
		{DDDF8099-63B8-4332-9006-EA11E15F62FE}.Release|Any CPU.ActiveCfg = Release|x86
		{DDDF8099-63B8-4332-9006-EA11E15F62FE}.Release|ARM.ActiveCfg = Release|ARM
		{DDDF8099-63B8-4332-9006-EA11E15F62FE}.Release|ARM.Build.0 = Release|ARM
		{DDDF8099-63B8-4332-9006-EA11E15F62FE}.Release|ARM.Deploy.0 = Release|ARM
		{DDDF8099-63B8-4332-9006-EA11E15F62FE}.Release|iPhone.ActiveCfg = Release|x86
		{DDDF8099-63B8-4332-9006-EA11E15F62FE}.Release|iPhoneSimulator.ActiveCfg = Release|x86
		{DDDF8099-63B8-4332-9006-EA11E15F62FE}.Release|x64.ActiveCfg = Release|x64
		{DDDF8099-63B8-4332-9006-EA11E15F62FE}.Release|x64.Build.0 = Release|x64
		{DDDF8099-63B8-4332-9006-EA11E15F62FE}.Release|x64.Deploy.0 = Release|x64
		{DDDF8099-63B8-4332-9006-EA11E15F62FE}.Release|x86.ActiveCfg = Release|x86
		{DDDF8099-63B8-4332-9006-EA11E15F62FE}.Release|x86.Build.0 = Release|x86
		{DDDF8099-63B8-4332-9006-EA11E15F62FE}.Release|x86.Deploy.0 = Release|x86
		{E4F657B0-776B-4852-BCDE-619DAB8C8317}.Debug|Any CPU.ActiveCfg = Debug|Any CPU
		{E4F657B0-776B-4852-BCDE-619DAB8C8317}.Debug|Any CPU.Build.0 = Debug|Any CPU
		{E4F657B0-776B-4852-BCDE-619DAB8C8317}.Debug|ARM.ActiveCfg = Debug|Any CPU
		{E4F657B0-776B-4852-BCDE-619DAB8C8317}.Debug|ARM.Build.0 = Debug|Any CPU
		{E4F657B0-776B-4852-BCDE-619DAB8C8317}.Debug|iPhone.ActiveCfg = Debug|Any CPU
		{E4F657B0-776B-4852-BCDE-619DAB8C8317}.Debug|iPhone.Build.0 = Debug|Any CPU
		{E4F657B0-776B-4852-BCDE-619DAB8C8317}.Debug|iPhoneSimulator.ActiveCfg = Debug|Any CPU
		{E4F657B0-776B-4852-BCDE-619DAB8C8317}.Debug|iPhoneSimulator.Build.0 = Debug|Any CPU
		{E4F657B0-776B-4852-BCDE-619DAB8C8317}.Debug|x64.ActiveCfg = Debug|Any CPU
		{E4F657B0-776B-4852-BCDE-619DAB8C8317}.Debug|x64.Build.0 = Debug|Any CPU
		{E4F657B0-776B-4852-BCDE-619DAB8C8317}.Debug|x86.ActiveCfg = Debug|Any CPU
		{E4F657B0-776B-4852-BCDE-619DAB8C8317}.Debug|x86.Build.0 = Debug|Any CPU
		{E4F657B0-776B-4852-BCDE-619DAB8C8317}.Release|Any CPU.ActiveCfg = Release|Any CPU
		{E4F657B0-776B-4852-BCDE-619DAB8C8317}.Release|Any CPU.Build.0 = Release|Any CPU
		{E4F657B0-776B-4852-BCDE-619DAB8C8317}.Release|ARM.ActiveCfg = Release|Any CPU
		{E4F657B0-776B-4852-BCDE-619DAB8C8317}.Release|ARM.Build.0 = Release|Any CPU
		{E4F657B0-776B-4852-BCDE-619DAB8C8317}.Release|iPhone.ActiveCfg = Release|Any CPU
		{E4F657B0-776B-4852-BCDE-619DAB8C8317}.Release|iPhone.Build.0 = Release|Any CPU
		{E4F657B0-776B-4852-BCDE-619DAB8C8317}.Release|iPhoneSimulator.ActiveCfg = Release|Any CPU
		{E4F657B0-776B-4852-BCDE-619DAB8C8317}.Release|iPhoneSimulator.Build.0 = Release|Any CPU
		{E4F657B0-776B-4852-BCDE-619DAB8C8317}.Release|x64.ActiveCfg = Release|Any CPU
		{E4F657B0-776B-4852-BCDE-619DAB8C8317}.Release|x64.Build.0 = Release|Any CPU
		{E4F657B0-776B-4852-BCDE-619DAB8C8317}.Release|x86.ActiveCfg = Release|Any CPU
		{E4F657B0-776B-4852-BCDE-619DAB8C8317}.Release|x86.Build.0 = Release|Any CPU
		{7E6E510B-B663-45F8-BE8D-3B7F6FBC55F8}.Debug|Any CPU.ActiveCfg = Debug|Any CPU
		{7E6E510B-B663-45F8-BE8D-3B7F6FBC55F8}.Debug|Any CPU.Build.0 = Debug|Any CPU
		{7E6E510B-B663-45F8-BE8D-3B7F6FBC55F8}.Debug|ARM.ActiveCfg = Debug|Any CPU
		{7E6E510B-B663-45F8-BE8D-3B7F6FBC55F8}.Debug|ARM.Build.0 = Debug|Any CPU
		{7E6E510B-B663-45F8-BE8D-3B7F6FBC55F8}.Debug|iPhone.ActiveCfg = Debug|Any CPU
		{7E6E510B-B663-45F8-BE8D-3B7F6FBC55F8}.Debug|iPhone.Build.0 = Debug|Any CPU
		{7E6E510B-B663-45F8-BE8D-3B7F6FBC55F8}.Debug|iPhoneSimulator.ActiveCfg = Debug|Any CPU
		{7E6E510B-B663-45F8-BE8D-3B7F6FBC55F8}.Debug|iPhoneSimulator.Build.0 = Debug|Any CPU
		{7E6E510B-B663-45F8-BE8D-3B7F6FBC55F8}.Debug|x64.ActiveCfg = Debug|Any CPU
		{7E6E510B-B663-45F8-BE8D-3B7F6FBC55F8}.Debug|x64.Build.0 = Debug|Any CPU
		{7E6E510B-B663-45F8-BE8D-3B7F6FBC55F8}.Debug|x86.ActiveCfg = Debug|Any CPU
		{7E6E510B-B663-45F8-BE8D-3B7F6FBC55F8}.Debug|x86.Build.0 = Debug|Any CPU
		{7E6E510B-B663-45F8-BE8D-3B7F6FBC55F8}.Release|Any CPU.ActiveCfg = Release|Any CPU
		{7E6E510B-B663-45F8-BE8D-3B7F6FBC55F8}.Release|Any CPU.Build.0 = Release|Any CPU
		{7E6E510B-B663-45F8-BE8D-3B7F6FBC55F8}.Release|ARM.ActiveCfg = Release|Any CPU
		{7E6E510B-B663-45F8-BE8D-3B7F6FBC55F8}.Release|ARM.Build.0 = Release|Any CPU
		{7E6E510B-B663-45F8-BE8D-3B7F6FBC55F8}.Release|iPhone.ActiveCfg = Release|Any CPU
		{7E6E510B-B663-45F8-BE8D-3B7F6FBC55F8}.Release|iPhone.Build.0 = Release|Any CPU
		{7E6E510B-B663-45F8-BE8D-3B7F6FBC55F8}.Release|iPhoneSimulator.ActiveCfg = Release|Any CPU
		{7E6E510B-B663-45F8-BE8D-3B7F6FBC55F8}.Release|iPhoneSimulator.Build.0 = Release|Any CPU
		{7E6E510B-B663-45F8-BE8D-3B7F6FBC55F8}.Release|x64.ActiveCfg = Release|Any CPU
		{7E6E510B-B663-45F8-BE8D-3B7F6FBC55F8}.Release|x64.Build.0 = Release|Any CPU
		{7E6E510B-B663-45F8-BE8D-3B7F6FBC55F8}.Release|x86.ActiveCfg = Release|Any CPU
		{7E6E510B-B663-45F8-BE8D-3B7F6FBC55F8}.Release|x86.Build.0 = Release|Any CPU
		{2E20A44D-1CA5-4CB2-8350-0454F9F59EA5}.Debug|Any CPU.ActiveCfg = Debug|Any CPU
		{2E20A44D-1CA5-4CB2-8350-0454F9F59EA5}.Debug|Any CPU.Build.0 = Debug|Any CPU
		{2E20A44D-1CA5-4CB2-8350-0454F9F59EA5}.Debug|ARM.ActiveCfg = Debug|Any CPU
		{2E20A44D-1CA5-4CB2-8350-0454F9F59EA5}.Debug|ARM.Build.0 = Debug|Any CPU
		{2E20A44D-1CA5-4CB2-8350-0454F9F59EA5}.Debug|iPhone.ActiveCfg = Debug|Any CPU
		{2E20A44D-1CA5-4CB2-8350-0454F9F59EA5}.Debug|iPhone.Build.0 = Debug|Any CPU
		{2E20A44D-1CA5-4CB2-8350-0454F9F59EA5}.Debug|iPhoneSimulator.ActiveCfg = Debug|Any CPU
		{2E20A44D-1CA5-4CB2-8350-0454F9F59EA5}.Debug|iPhoneSimulator.Build.0 = Debug|Any CPU
		{2E20A44D-1CA5-4CB2-8350-0454F9F59EA5}.Debug|x64.ActiveCfg = Debug|Any CPU
		{2E20A44D-1CA5-4CB2-8350-0454F9F59EA5}.Debug|x64.Build.0 = Debug|Any CPU
		{2E20A44D-1CA5-4CB2-8350-0454F9F59EA5}.Debug|x86.ActiveCfg = Debug|Any CPU
		{2E20A44D-1CA5-4CB2-8350-0454F9F59EA5}.Debug|x86.Build.0 = Debug|Any CPU
		{2E20A44D-1CA5-4CB2-8350-0454F9F59EA5}.Release|Any CPU.ActiveCfg = Release|Any CPU
		{2E20A44D-1CA5-4CB2-8350-0454F9F59EA5}.Release|Any CPU.Build.0 = Release|Any CPU
		{2E20A44D-1CA5-4CB2-8350-0454F9F59EA5}.Release|ARM.ActiveCfg = Release|Any CPU
		{2E20A44D-1CA5-4CB2-8350-0454F9F59EA5}.Release|ARM.Build.0 = Release|Any CPU
		{2E20A44D-1CA5-4CB2-8350-0454F9F59EA5}.Release|iPhone.ActiveCfg = Release|Any CPU
		{2E20A44D-1CA5-4CB2-8350-0454F9F59EA5}.Release|iPhone.Build.0 = Release|Any CPU
		{2E20A44D-1CA5-4CB2-8350-0454F9F59EA5}.Release|iPhoneSimulator.ActiveCfg = Release|Any CPU
		{2E20A44D-1CA5-4CB2-8350-0454F9F59EA5}.Release|iPhoneSimulator.Build.0 = Release|Any CPU
		{2E20A44D-1CA5-4CB2-8350-0454F9F59EA5}.Release|x64.ActiveCfg = Release|Any CPU
		{2E20A44D-1CA5-4CB2-8350-0454F9F59EA5}.Release|x64.Build.0 = Release|Any CPU
		{2E20A44D-1CA5-4CB2-8350-0454F9F59EA5}.Release|x86.ActiveCfg = Release|Any CPU
		{2E20A44D-1CA5-4CB2-8350-0454F9F59EA5}.Release|x86.Build.0 = Release|Any CPU
		{550F226B-610F-45D2-8CD7-5012313FB362}.Debug|Any CPU.ActiveCfg = Debug|Any CPU
		{550F226B-610F-45D2-8CD7-5012313FB362}.Debug|Any CPU.Build.0 = Debug|Any CPU
		{550F226B-610F-45D2-8CD7-5012313FB362}.Debug|ARM.ActiveCfg = Debug|Any CPU
		{550F226B-610F-45D2-8CD7-5012313FB362}.Debug|ARM.Build.0 = Debug|Any CPU
		{550F226B-610F-45D2-8CD7-5012313FB362}.Debug|iPhone.ActiveCfg = Debug|Any CPU
		{550F226B-610F-45D2-8CD7-5012313FB362}.Debug|iPhone.Build.0 = Debug|Any CPU
		{550F226B-610F-45D2-8CD7-5012313FB362}.Debug|iPhoneSimulator.ActiveCfg = Debug|Any CPU
		{550F226B-610F-45D2-8CD7-5012313FB362}.Debug|iPhoneSimulator.Build.0 = Debug|Any CPU
		{550F226B-610F-45D2-8CD7-5012313FB362}.Debug|x64.ActiveCfg = Debug|Any CPU
		{550F226B-610F-45D2-8CD7-5012313FB362}.Debug|x64.Build.0 = Debug|Any CPU
		{550F226B-610F-45D2-8CD7-5012313FB362}.Debug|x86.ActiveCfg = Debug|Any CPU
		{550F226B-610F-45D2-8CD7-5012313FB362}.Debug|x86.Build.0 = Debug|Any CPU
		{550F226B-610F-45D2-8CD7-5012313FB362}.Release|Any CPU.ActiveCfg = Release|Any CPU
		{550F226B-610F-45D2-8CD7-5012313FB362}.Release|Any CPU.Build.0 = Release|Any CPU
		{550F226B-610F-45D2-8CD7-5012313FB362}.Release|ARM.ActiveCfg = Release|Any CPU
		{550F226B-610F-45D2-8CD7-5012313FB362}.Release|ARM.Build.0 = Release|Any CPU
		{550F226B-610F-45D2-8CD7-5012313FB362}.Release|iPhone.ActiveCfg = Release|Any CPU
		{550F226B-610F-45D2-8CD7-5012313FB362}.Release|iPhone.Build.0 = Release|Any CPU
		{550F226B-610F-45D2-8CD7-5012313FB362}.Release|iPhoneSimulator.ActiveCfg = Release|Any CPU
		{550F226B-610F-45D2-8CD7-5012313FB362}.Release|iPhoneSimulator.Build.0 = Release|Any CPU
		{550F226B-610F-45D2-8CD7-5012313FB362}.Release|x64.ActiveCfg = Release|Any CPU
		{550F226B-610F-45D2-8CD7-5012313FB362}.Release|x64.Build.0 = Release|Any CPU
		{550F226B-610F-45D2-8CD7-5012313FB362}.Release|x86.ActiveCfg = Release|Any CPU
		{550F226B-610F-45D2-8CD7-5012313FB362}.Release|x86.Build.0 = Release|Any CPU
	EndGlobalSection
	GlobalSection(SolutionProperties) = preSolution
		HideSolutionNode = FALSE
	EndGlobalSection
	GlobalSection(NestedProjects) = preSolution
		{E5802ED3-A69A-49C0-B797-886D3D051D17} = {01785374-9D29-481F-BAD4-E2137CAC8057}
		{6DA15DA4-C47A-4496-A73F-0868BCCF9B76} = {9CF1BE73-6CB1-4EDB-9A3D-A4BF5335EE4F}
		{A2B9EC05-8836-43FE-A619-E34578DD920D} = {01785374-9D29-481F-BAD4-E2137CAC8057}
		{DCF0E624-2C0D-4908-BFBA-D55DC3523781} = {9CF1BE73-6CB1-4EDB-9A3D-A4BF5335EE4F}
		{3BA640B8-A0C1-4496-9077-F6E3F1A71145} = {9CF1BE73-6CB1-4EDB-9A3D-A4BF5335EE4F}
		{664F238D-4109-492B-9AED-B14BE4C9AE75} = {9CF1BE73-6CB1-4EDB-9A3D-A4BF5335EE4F}
		{2E028B7C-CF6E-4577-8961-97B18E0D25CB} = {9CF1BE73-6CB1-4EDB-9A3D-A4BF5335EE4F}
		{1B200318-3EAB-4D3E-AA4E-4E2803DAB0E1} = {9CF1BE73-6CB1-4EDB-9A3D-A4BF5335EE4F}
		{DDDF8099-63B8-4332-9006-EA11E15F62FE} = {9CF1BE73-6CB1-4EDB-9A3D-A4BF5335EE4F}
		{E4F657B0-776B-4852-BCDE-619DAB8C8317} = {E4371F2D-DF58-40B7-B2BB-858825004935}
		{7E6E510B-B663-45F8-BE8D-3B7F6FBC55F8} = {E4371F2D-DF58-40B7-B2BB-858825004935}
		{2E20A44D-1CA5-4CB2-8350-0454F9F59EA5} = {E4371F2D-DF58-40B7-B2BB-858825004935}
		{550F226B-610F-45D2-8CD7-5012313FB362} = {01785374-9D29-481F-BAD4-E2137CAC8057}
	EndGlobalSection
	GlobalSection(ExtensibilityGlobals) = postSolution
		SolutionGuid = {A0ACEE4A-2985-4B4A-BD25-73DB7B8102AC}
	EndGlobalSection
	GlobalSection(MonoDevelopProperties) = preSolution
		version = 0.5.1
		outputpath = Bin
		Policies = $0
		$0.DotNetNamingPolicy = $1
		$1.DirectoryNamespaceAssociation = PrefixedHierarchical
		$0.TextStylePolicy = $2
		$2.inheritsSet = null
		$2.scope = text/x-csharp
		$0.CSharpFormattingPolicy = $3
		$3.scope = text/x-csharp
		$0.VersionControlPolicy = $4
		$0.StandardHeader = $5
	EndGlobalSection
EndGlobal
